
Microsoft Visual Studio Solution File, Format Version 12.00
# Visual Studio Version 17
Project("{8BC9CEB8-8B4A-11D0-8D11-00A0C91BC942}") = "ALL_BUILD", "ALL_BUILD.vcxproj", "{E0C027D1-4F37-3AAA-9D7E-C2E914BC976E}"
	ProjectSection(ProjectDependencies) = postProject
		{E17523D2-CDF1-377D-A3B3-FF774A30CDD2} = {E17523D2-CDF1-377D-A3B3-FF774A30CDD2}
		{A428332F-B5BD-3D12-AE56-4236C30AC3F3} = {A428332F-B5BD-3D12-AE56-4236C30AC3F3}
		{B6971B7A-7F4E-3919-82C3-3248A49A46C1} = {B6971B7A-7F4E-3919-82C3-3248A49A46C1}
		{7C102685-4A3A-378C-971D-2B6F33EA30EF} = {7C102685-4A3A-378C-971D-2B6F33EA30EF}
		{597237A0-CAF1-34C6-A314-DEE780A00927} = {597237A0-CAF1-34C6-A314-DEE780A00927}
		{59E20238-1EC7-3BA5-9095-39F455620618} = {59E20238-1EC7-3BA5-9095-39F455620618}
		{12D43861-450C-3D5E-9EDF-DFC199C57085} = {12D43861-450C-3D5E-9EDF-DFC199C57085}
		{0385E153-A184-3A7C-B7C5-4A8D28D966E5} = {0385E153-A184-3A7C-B7C5-4A8D28D966E5}
		{C27B35E8-C2F3-3E09-B217-1F6F9E1FAEC5} = {C27B35E8-C2F3-3E09-B217-1F6F9E1FAEC5}
		{F6E9FBF0-BB68-3A52-A8B7-1A32DFDA4614} = {F6E9FBF0-BB68-3A52-A8B7-1A32DFDA4614}
		{7FFF6FFF-1C39-304D-A252-589672A10869} = {7FFF6FFF-1C39-304D-A252-589672A10869}
		{EB7AA86B-2700-392C-B1C8-DA6DF210D92F} = {EB7AA86B-2700-392C-B1C8-DA6DF210D92F}
		{09897C2B-A8B4-37E0-80F6-8E376C8A77F1} = {09897C2B-A8B4-37E0-80F6-8E376C8A77F1}
		{1C239A06-4C44-3435-8551-8DA7DCDE6C16} = {1C239A06-4C44-3435-8551-8DA7DCDE6C16}
		{F4482E07-6611-3858-89B6-E511CA510789} = {F4482E07-6611-3858-89B6-E511CA510789}
		{1DEE22B1-310D-3FD3-9D56-4C18C7B3E41A} = {1DEE22B1-310D-3FD3-9D56-4C18C7B3E41A}
		{F2B96837-B63B-37CE-87A8-500F387B8C5C} = {F2B96837-B63B-37CE-87A8-500F387B8C5C}
		{B68119BB-395C-3112-8CB8-7AAE5679F181} = {B68119BB-395C-3112-8CB8-7AAE5679F181}
		{FDE40F11-FB45-31FD-ADFC-67CE10043324} = {FDE40F11-FB45-31FD-ADFC-67CE10043324}
		{08E194FE-8AD8-3902-85C1-8767DC759B6D} = {08E194FE-8AD8-3902-85C1-8767DC759B6D}
		{713BE56D-5C17-3E6C-9706-5E377A7A2B48} = {713BE56D-5C17-3E6C-9706-5E377A7A2B48}
		{60D0A1EB-6D5D-36CF-8A95-42458BD41C5D} = {60D0A1EB-6D5D-36CF-8A95-42458BD41C5D}
		{CB17485C-9412-37F0-A117-48DE4AD90E84} = {CB17485C-9412-37F0-A117-48DE4AD90E84}
		{AC7C170E-E270-3CAC-92D8-982E90BDD7AC} = {AC7C170E-E270-3CAC-92D8-982E90BDD7AC}
		{8B680088-46C9-3485-B3B5-2B88A47C70C9} = {8B680088-46C9-3485-B3B5-2B88A47C70C9}
		{94FE2894-CC3B-350F-9364-DD2F9B1F20EE} = {94FE2894-CC3B-350F-9364-DD2F9B1F20EE}
		{FF7CEDE7-C374-37C1-9A69-97C9F528B55C} = {FF7CEDE7-C374-37C1-9A69-97C9F528B55C}
		{0F52D2CF-9E84-3B49-A0DD-9CE56026AC8B} = {0F52D2CF-9E84-3B49-A0DD-9CE56026AC8B}
		{579D8BF5-6E48-3E7D-A102-6668E4530701} = {579D8BF5-6E48-3E7D-A102-6668E4530701}
		{F1B35883-3F1B-34C6-8C58-E12DFD9E13B0} = {F1B35883-3F1B-34C6-8C58-E12DFD9E13B0}
		{48EEFC90-FA5F-3FEC-BA71-A0BC9A53451E} = {48EEFC90-FA5F-3FEC-BA71-A0BC9A53451E}
		{3514E52E-E4DB-37B3-914A-F2093F15B016} = {3514E52E-E4DB-37B3-914A-F2093F15B016}
		{ED016F98-EBF2-32AB-A934-EA71D2E22707} = {ED016F98-EBF2-32AB-A934-EA71D2E22707}
		{8750672A-1B4E-39E0-BAED-BEB83AC34C89} = {8750672A-1B4E-39E0-BAED-BEB83AC34C89}
		{5AA4571D-0E10-33A3-BECE-72B15FE28F14} = {5AA4571D-0E10-33A3-BECE-72B15FE28F14}
		{4693ED7C-98C6-31BF-A9EF-D7146F1B3FFA} = {4693ED7C-98C6-31BF-A9EF-D7146F1B3FFA}
		{D606D193-4743-3C9F-8D5C-2B848A476D0D} = {D606D193-4743-3C9F-8D5C-2B848A476D0D}
		{08EFB18E-F75A-3A8D-8628-10EB4C5C18E1} = {08EFB18E-F75A-3A8D-8628-10EB4C5C18E1}
		{658BE893-DF42-30F3-B7FA-E1E84F4752A8} = {658BE893-DF42-30F3-B7FA-E1E84F4752A8}
		{D3F8AF86-B517-3488-8E34-AFB14D31AA7D} = {D3F8AF86-B517-3488-8E34-AFB14D31AA7D}
		{54131B21-7E02-3AC0-A66C-36D86E4ED9A7} = {54131B21-7E02-3AC0-A66C-36D86E4ED9A7}
		{B2B3399E-3FB2-34E2-8955-EE11A3924C1D} = {B2B3399E-3FB2-34E2-8955-EE11A3924C1D}
		{7093D564-563B-331A-8935-981450B11D58} = {7093D564-563B-331A-8935-981450B11D58}
		{FC2B8555-E549-3429-912E-4BCFBA45B89A} = {FC2B8555-E549-3429-912E-4BCFBA45B89A}
		{EB272AF6-AF37-359F-A88A-10C496ECB66B} = {EB272AF6-AF37-359F-A88A-10C496ECB66B}
		{D6D27152-81FB-368F-B1B6-0E0F0763C976} = {D6D27152-81FB-368F-B1B6-0E0F0763C976}
		{7F339C88-2995-3F68-8940-7EEC596AAA65} = {7F339C88-2995-3F68-8940-7EEC596AAA65}
		{81930392-B1CE-380F-893E-E6EAA0F28F68} = {81930392-B1CE-380F-893E-E6EAA0F28F68}
		{913F5E7D-E99F-37D3-AFB1-081C29C3AB6B} = {913F5E7D-E99F-37D3-AFB1-081C29C3AB6B}
		{BA0FA13A-5041-33CF-9F22-D2A316525BD8} = {BA0FA13A-5041-33CF-9F22-D2A316525BD8}
		{50BC7603-5DB3-390E-AB57-F4117A079BCF} = {50BC7603-5DB3-390E-AB57-F4117A079BCF}
		{1BF5DAC7-47C0-38D9-8B91-097F62718E30} = {1BF5DAC7-47C0-38D9-8B91-097F62718E30}
		{5CEAF5BF-3CCF-31D5-9996-E14C703FB60C} = {5CEAF5BF-3CCF-31D5-9996-E14C703FB60C}
		{77820B0F-25B4-30F8-840B-82288FB9F3E7} = {77820B0F-25B4-30F8-840B-82288FB9F3E7}
		{78784A3B-23D1-3419-85C1-7E6C730F0BE0} = {78784A3B-23D1-3419-85C1-7E6C730F0BE0}
		{93162EF7-BA97-3F6F-B751-181EC600D366} = {93162EF7-BA97-3F6F-B751-181EC600D366}
		{4E6305BE-4A26-3226-A3C2-2D09867CE937} = {4E6305BE-4A26-3226-A3C2-2D09867CE937}
		{B22E40B4-71BB-3A6C-A865-C435BE2224A6} = {B22E40B4-71BB-3A6C-A865-C435BE2224A6}
		{BE9F46A1-08F5-3588-B725-49F0268B1964} = {BE9F46A1-08F5-3588-B725-49F0268B1964}
		{3C642679-5887-3BB9-B1DC-2D55818451A6} = {3C642679-5887-3BB9-B1DC-2D55818451A6}
		{7BD2ADDA-9A1A-370B-AE8B-C376F09C973C} = {7BD2ADDA-9A1A-370B-AE8B-C376F09C973C}
		{8DD9AE11-BC68-3792-9E26-C9CF25870413} = {8DD9AE11-BC68-3792-9E26-C9CF25870413}
		{0E3BDAFE-F094-32AC-BDF1-C2133D71FD26} = {0E3BDAFE-F094-32AC-BDF1-C2133D71FD26}
		{EC1BB5F6-6791-39A9-90A9-37E8B7232151} = {EC1BB5F6-6791-39A9-90A9-37E8B7232151}
		{BB41B947-8CC6-3312-882F-857EAD3CDA93} = {BB41B947-8CC6-3312-882F-857EAD3CDA93}
		{E557FDC4-BD5E-3D0A-9EF8-15E9063B20CF} = {E557FDC4-BD5E-3D0A-9EF8-15E9063B20CF}
	EndProjectSection
EndProject
Project("{8BC9CEB8-8B4A-11D0-8D11-00A0C91BC942}") = "Continuous", "Continuous.vcxproj", "{ADE1B34D-1F39-3C21-8798-1CC240851A9D}"
	ProjectSection(ProjectDependencies) = postProject
		{E17523D2-CDF1-377D-A3B3-FF774A30CDD2} = {E17523D2-CDF1-377D-A3B3-FF774A30CDD2}
	EndProjectSection
EndProject
Project("{8BC9CEB8-8B4A-11D0-8D11-00A0C91BC942}") = "Experimental", "Experimental.vcxproj", "{7114EF0C-8EC9-3801-9A08-9BB18EEF7B31}"
	ProjectSection(ProjectDependencies) = postProject
		{E17523D2-CDF1-377D-A3B3-FF774A30CDD2} = {E17523D2-CDF1-377D-A3B3-FF774A30CDD2}
	EndProjectSection
EndProject
Project("{8BC9CEB8-8B4A-11D0-8D11-00A0C91BC942}") = "INSTALL", "INSTALL.vcxproj", "{FED60DCA-F031-3884-9EB0-AE634E383F73}"
	ProjectSection(ProjectDependencies) = postProject
		{E0C027D1-4F37-3AAA-9D7E-C2E914BC976E} = {E0C027D1-4F37-3AAA-9D7E-C2E914BC976E}
		{E17523D2-CDF1-377D-A3B3-FF774A30CDD2} = {E17523D2-CDF1-377D-A3B3-FF774A30CDD2}
	EndProjectSection
EndProject
Project("{8BC9CEB8-8B4A-11D0-8D11-00A0C91BC942}") = "Nightly", "Nightly.vcxproj", "{9A773ADF-A3EF-3C9F-8D26-A3929E8B552A}"
	ProjectSection(ProjectDependencies) = postProject
		{E17523D2-CDF1-377D-A3B3-FF774A30CDD2} = {E17523D2-CDF1-377D-A3B3-FF774A30CDD2}
	EndProjectSection
EndProject
Project("{8BC9CEB8-8B4A-11D0-8D11-00A0C91BC942}") = "NightlyMemoryCheck", "NightlyMemoryCheck.vcxproj", "{FBFE97D8-F5A5-3EC6-A679-5E6CE6455F84}"
	ProjectSection(ProjectDependencies) = postProject
		{E17523D2-CDF1-377D-A3B3-FF774A30CDD2} = {E17523D2-CDF1-377D-A3B3-FF774A30CDD2}
	EndProjectSection
EndProject
Project("{8BC9CEB8-8B4A-11D0-8D11-00A0C91BC942}") = "RUN_TESTS", "RUN_TESTS.vcxproj", "{4E93AC67-77AB-3628-91C4-132BA2A12CEE}"
	ProjectSection(ProjectDependencies) = postProject
		{E17523D2-CDF1-377D-A3B3-FF774A30CDD2} = {E17523D2-CDF1-377D-A3B3-FF774A30CDD2}
	EndProjectSection
EndProject
Project("{8BC9CEB8-8B4A-11D0-8D11-00A0C91BC942}") = "ZERO_CHECK", "ZERO_CHECK.vcxproj", "{E17523D2-CDF1-377D-A3B3-FF774A30CDD2}"
	ProjectSection(ProjectDependencies) = postProject
	EndProjectSection
EndProject
Project("{8BC9CEB8-8B4A-11D0-8D11-00A0C91BC942}") = "build_info", "common\build_info.vcxproj", "{A428332F-B5BD-3D12-AE56-4236C30AC3F3}"
	ProjectSection(ProjectDependencies) = postProject
		{E17523D2-CDF1-377D-A3B3-FF774A30CDD2} = {E17523D2-CDF1-377D-A3B3-FF774A30CDD2}
	EndProjectSection
EndProject
Project("{8BC9CEB8-8B4A-11D0-8D11-00A0C91BC942}") = "common", "common\common.vcxproj", "{B6971B7A-7F4E-3919-82C3-3248A49A46C1}"
	ProjectSection(ProjectDependencies) = postProject
		{E17523D2-CDF1-377D-A3B3-FF774A30CDD2} = {E17523D2-CDF1-377D-A3B3-FF774A30CDD2}
		{A428332F-B5BD-3D12-AE56-4236C30AC3F3} = {A428332F-B5BD-3D12-AE56-4236C30AC3F3}
		{7C102685-4A3A-378C-971D-2B6F33EA30EF} = {7C102685-4A3A-378C-971D-2B6F33EA30EF}
		{597237A0-CAF1-34C6-A314-DEE780A00927} = {597237A0-CAF1-34C6-A314-DEE780A00927}
	EndProjectSection
EndProject
Project("{8BC9CEB8-8B4A-11D0-8D11-00A0C91BC942}") = "ggml", "ggml\src\ggml.vcxproj", "{7C102685-4A3A-378C-971D-2B6F33EA30EF}"
	ProjectSection(ProjectDependencies) = postProject
		{E17523D2-CDF1-377D-A3B3-FF774A30CDD2} = {E17523D2-CDF1-377D-A3B3-FF774A30CDD2}
	EndProjectSection
EndProject
Project("{8BC9CEB8-8B4A-11D0-8D11-00A0C91BC942}") = "llama", "src\llama.vcxproj", "{597237A0-CAF1-34C6-A314-DEE780A00927}"
	ProjectSection(ProjectDependencies) = postProject
		{E17523D2-CDF1-377D-A3B3-FF774A30CDD2} = {E17523D2-CDF1-377D-A3B3-FF774A30CDD2}
		{7C102685-4A3A-378C-971D-2B6F33EA30EF} = {7C102685-4A3A-378C-971D-2B6F33EA30EF}
	EndProjectSection
EndProject
Project("{8BC9CEB8-8B4A-11D0-8D11-00A0C91BC942}") = "llama-baby-llama", "examples\baby-llama\llama-baby-llama.vcxproj", "{59E20238-1EC7-3BA5-9095-39F455620618}"
	ProjectSection(ProjectDependencies) = postProject
		{E17523D2-CDF1-377D-A3B3-FF774A30CDD2} = {E17523D2-CDF1-377D-A3B3-FF774A30CDD2}
		{A428332F-B5BD-3D12-AE56-4236C30AC3F3} = {A428332F-B5BD-3D12-AE56-4236C30AC3F3}
		{B6971B7A-7F4E-3919-82C3-3248A49A46C1} = {B6971B7A-7F4E-3919-82C3-3248A49A46C1}
		{7C102685-4A3A-378C-971D-2B6F33EA30EF} = {7C102685-4A3A-378C-971D-2B6F33EA30EF}
		{597237A0-CAF1-34C6-A314-DEE780A00927} = {597237A0-CAF1-34C6-A314-DEE780A00927}
	EndProjectSection
EndProject
Project("{8BC9CEB8-8B4A-11D0-8D11-00A0C91BC942}") = "llama-batched", "examples\batched\llama-batched.vcxproj", "{12D43861-450C-3D5E-9EDF-DFC199C57085}"
	ProjectSection(ProjectDependencies) = postProject
		{E17523D2-CDF1-377D-A3B3-FF774A30CDD2} = {E17523D2-CDF1-377D-A3B3-FF774A30CDD2}
		{A428332F-B5BD-3D12-AE56-4236C30AC3F3} = {A428332F-B5BD-3D12-AE56-4236C30AC3F3}
		{B6971B7A-7F4E-3919-82C3-3248A49A46C1} = {B6971B7A-7F4E-3919-82C3-3248A49A46C1}
		{7C102685-4A3A-378C-971D-2B6F33EA30EF} = {7C102685-4A3A-378C-971D-2B6F33EA30EF}
		{597237A0-CAF1-34C6-A314-DEE780A00927} = {597237A0-CAF1-34C6-A314-DEE780A00927}
	EndProjectSection
EndProject
Project("{8BC9CEB8-8B4A-11D0-8D11-00A0C91BC942}") = "llama-batched-bench", "examples\batched-bench\llama-batched-bench.vcxproj", "{0385E153-A184-3A7C-B7C5-4A8D28D966E5}"
	ProjectSection(ProjectDependencies) = postProject
		{E17523D2-CDF1-377D-A3B3-FF774A30CDD2} = {E17523D2-CDF1-377D-A3B3-FF774A30CDD2}
		{A428332F-B5BD-3D12-AE56-4236C30AC3F3} = {A428332F-B5BD-3D12-AE56-4236C30AC3F3}
		{B6971B7A-7F4E-3919-82C3-3248A49A46C1} = {B6971B7A-7F4E-3919-82C3-3248A49A46C1}
		{7C102685-4A3A-378C-971D-2B6F33EA30EF} = {7C102685-4A3A-378C-971D-2B6F33EA30EF}
		{597237A0-CAF1-34C6-A314-DEE780A00927} = {597237A0-CAF1-34C6-A314-DEE780A00927}
	EndProjectSection
EndProject
Project("{8BC9CEB8-8B4A-11D0-8D11-00A0C91BC942}") = "llama-bench", "examples\llama-bench\llama-bench.vcxproj", "{C27B35E8-C2F3-3E09-B217-1F6F9E1FAEC5}"
	ProjectSection(ProjectDependencies) = postProject
		{E17523D2-CDF1-377D-A3B3-FF774A30CDD2} = {E17523D2-CDF1-377D-A3B3-FF774A30CDD2}
		{A428332F-B5BD-3D12-AE56-4236C30AC3F3} = {A428332F-B5BD-3D12-AE56-4236C30AC3F3}
		{B6971B7A-7F4E-3919-82C3-3248A49A46C1} = {B6971B7A-7F4E-3919-82C3-3248A49A46C1}
		{7C102685-4A3A-378C-971D-2B6F33EA30EF} = {7C102685-4A3A-378C-971D-2B6F33EA30EF}
		{597237A0-CAF1-34C6-A314-DEE780A00927} = {597237A0-CAF1-34C6-A314-DEE780A00927}
	EndProjectSection
EndProject
Project("{8BC9CEB8-8B4A-11D0-8D11-00A0C91BC942}") = "llama-bench-matmult", "examples\benchmark\llama-bench-matmult.vcxproj", "{F6E9FBF0-BB68-3A52-A8B7-1A32DFDA4614}"
	ProjectSection(ProjectDependencies) = postProject
		{E17523D2-CDF1-377D-A3B3-FF774A30CDD2} = {E17523D2-CDF1-377D-A3B3-FF774A30CDD2}
		{A428332F-B5BD-3D12-AE56-4236C30AC3F3} = {A428332F-B5BD-3D12-AE56-4236C30AC3F3}
		{7C102685-4A3A-378C-971D-2B6F33EA30EF} = {7C102685-4A3A-378C-971D-2B6F33EA30EF}
		{597237A0-CAF1-34C6-A314-DEE780A00927} = {597237A0-CAF1-34C6-A314-DEE780A00927}
	EndProjectSection
EndProject
Project("{8BC9CEB8-8B4A-11D0-8D11-00A0C91BC942}") = "llama-cli", "examples\main\llama-cli.vcxproj", "{7FFF6FFF-1C39-304D-A252-589672A10869}"
	ProjectSection(ProjectDependencies) = postProject
		{E17523D2-CDF1-377D-A3B3-FF774A30CDD2} = {E17523D2-CDF1-377D-A3B3-FF774A30CDD2}
		{A428332F-B5BD-3D12-AE56-4236C30AC3F3} = {A428332F-B5BD-3D12-AE56-4236C30AC3F3}
		{B6971B7A-7F4E-3919-82C3-3248A49A46C1} = {B6971B7A-7F4E-3919-82C3-3248A49A46C1}
		{7C102685-4A3A-378C-971D-2B6F33EA30EF} = {7C102685-4A3A-378C-971D-2B6F33EA30EF}
		{597237A0-CAF1-34C6-A314-DEE780A00927} = {597237A0-CAF1-34C6-A314-DEE780A00927}
	EndProjectSection
EndProject
Project("{8BC9CEB8-8B4A-11D0-8D11-00A0C91BC942}") = "llama-convert-llama2c-to-ggml", "examples\convert-llama2c-to-ggml\llama-convert-llama2c-to-ggml.vcxproj", "{EB7AA86B-2700-392C-B1C8-DA6DF210D92F}"
	ProjectSection(ProjectDependencies) = postProject
		{E17523D2-CDF1-377D-A3B3-FF774A30CDD2} = {E17523D2-CDF1-377D-A3B3-FF774A30CDD2}
		{A428332F-B5BD-3D12-AE56-4236C30AC3F3} = {A428332F-B5BD-3D12-AE56-4236C30AC3F3}
		{B6971B7A-7F4E-3919-82C3-3248A49A46C1} = {B6971B7A-7F4E-3919-82C3-3248A49A46C1}
		{7C102685-4A3A-378C-971D-2B6F33EA30EF} = {7C102685-4A3A-378C-971D-2B6F33EA30EF}
		{597237A0-CAF1-34C6-A314-DEE780A00927} = {597237A0-CAF1-34C6-A314-DEE780A00927}
	EndProjectSection
EndProject
Project("{8BC9CEB8-8B4A-11D0-8D11-00A0C91BC942}") = "llama-cvector-generator", "examples\cvector-generator\llama-cvector-generator.vcxproj", "{09897C2B-A8B4-37E0-80F6-8E376C8A77F1}"
	ProjectSection(ProjectDependencies) = postProject
		{E17523D2-CDF1-377D-A3B3-FF774A30CDD2} = {E17523D2-CDF1-377D-A3B3-FF774A30CDD2}
		{A428332F-B5BD-3D12-AE56-4236C30AC3F3} = {A428332F-B5BD-3D12-AE56-4236C30AC3F3}
		{B6971B7A-7F4E-3919-82C3-3248A49A46C1} = {B6971B7A-7F4E-3919-82C3-3248A49A46C1}
		{7C102685-4A3A-378C-971D-2B6F33EA30EF} = {7C102685-4A3A-378C-971D-2B6F33EA30EF}
		{597237A0-CAF1-34C6-A314-DEE780A00927} = {597237A0-CAF1-34C6-A314-DEE780A00927}
	EndProjectSection
EndProject
Project("{8BC9CEB8-8B4A-11D0-8D11-00A0C91BC942}") = "llama-embedding", "examples\embedding\llama-embedding.vcxproj", "{1C239A06-4C44-3435-8551-8DA7DCDE6C16}"
	ProjectSection(ProjectDependencies) = postProject
		{E17523D2-CDF1-377D-A3B3-FF774A30CDD2} = {E17523D2-CDF1-377D-A3B3-FF774A30CDD2}
		{A428332F-B5BD-3D12-AE56-4236C30AC3F3} = {A428332F-B5BD-3D12-AE56-4236C30AC3F3}
		{B6971B7A-7F4E-3919-82C3-3248A49A46C1} = {B6971B7A-7F4E-3919-82C3-3248A49A46C1}
		{7C102685-4A3A-378C-971D-2B6F33EA30EF} = {7C102685-4A3A-378C-971D-2B6F33EA30EF}
		{597237A0-CAF1-34C6-A314-DEE780A00927} = {597237A0-CAF1-34C6-A314-DEE780A00927}
	EndProjectSection
EndProject
Project("{8BC9CEB8-8B4A-11D0-8D11-00A0C91BC942}") = "llama-eval-callback", "examples\eval-callback\llama-eval-callback.vcxproj", "{F4482E07-6611-3858-89B6-E511CA510789}"
	ProjectSection(ProjectDependencies) = postProject
		{E17523D2-CDF1-377D-A3B3-FF774A30CDD2} = {E17523D2-CDF1-377D-A3B3-FF774A30CDD2}
		{A428332F-B5BD-3D12-AE56-4236C30AC3F3} = {A428332F-B5BD-3D12-AE56-4236C30AC3F3}
		{B6971B7A-7F4E-3919-82C3-3248A49A46C1} = {B6971B7A-7F4E-3919-82C3-3248A49A46C1}
		{7C102685-4A3A-378C-971D-2B6F33EA30EF} = {7C102685-4A3A-378C-971D-2B6F33EA30EF}
		{597237A0-CAF1-34C6-A314-DEE780A00927} = {597237A0-CAF1-34C6-A314-DEE780A00927}
	EndProjectSection
EndProject
Project("{8BC9CEB8-8B4A-11D0-8D11-00A0C91BC942}") = "llama-export-lora", "examples\export-lora\llama-export-lora.vcxproj", "{1DEE22B1-310D-3FD3-9D56-4C18C7B3E41A}"
	ProjectSection(ProjectDependencies) = postProject
		{E17523D2-CDF1-377D-A3B3-FF774A30CDD2} = {E17523D2-CDF1-377D-A3B3-FF774A30CDD2}
		{A428332F-B5BD-3D12-AE56-4236C30AC3F3} = {A428332F-B5BD-3D12-AE56-4236C30AC3F3}
		{B6971B7A-7F4E-3919-82C3-3248A49A46C1} = {B6971B7A-7F4E-3919-82C3-3248A49A46C1}
		{7C102685-4A3A-378C-971D-2B6F33EA30EF} = {7C102685-4A3A-378C-971D-2B6F33EA30EF}
		{597237A0-CAF1-34C6-A314-DEE780A00927} = {597237A0-CAF1-34C6-A314-DEE780A00927}
	EndProjectSection
EndProject
Project("{8BC9CEB8-8B4A-11D0-8D11-00A0C91BC942}") = "llama-gbnf-validator", "examples\gbnf-validator\llama-gbnf-validator.vcxproj", "{F2B96837-B63B-37CE-87A8-500F387B8C5C}"
	ProjectSection(ProjectDependencies) = postProject
		{E17523D2-CDF1-377D-A3B3-FF774A30CDD2} = {E17523D2-CDF1-377D-A3B3-FF774A30CDD2}
		{A428332F-B5BD-3D12-AE56-4236C30AC3F3} = {A428332F-B5BD-3D12-AE56-4236C30AC3F3}
		{B6971B7A-7F4E-3919-82C3-3248A49A46C1} = {B6971B7A-7F4E-3919-82C3-3248A49A46C1}
		{7C102685-4A3A-378C-971D-2B6F33EA30EF} = {7C102685-4A3A-378C-971D-2B6F33EA30EF}
		{597237A0-CAF1-34C6-A314-DEE780A00927} = {597237A0-CAF1-34C6-A314-DEE780A00927}
	EndProjectSection
EndProject
Project("{8BC9CEB8-8B4A-11D0-8D11-00A0C91BC942}") = "llama-gguf", "examples\gguf\llama-gguf.vcxproj", "{B68119BB-395C-3112-8CB8-7AAE5679F181}"
	ProjectSection(ProjectDependencies) = postProject
		{E17523D2-CDF1-377D-A3B3-FF774A30CDD2} = {E17523D2-CDF1-377D-A3B3-FF774A30CDD2}
		{7C102685-4A3A-378C-971D-2B6F33EA30EF} = {7C102685-4A3A-378C-971D-2B6F33EA30EF}
	EndProjectSection
EndProject
Project("{8BC9CEB8-8B4A-11D0-8D11-00A0C91BC942}") = "llama-gguf-hash", "examples\gguf-hash\llama-gguf-hash.vcxproj", "{FDE40F11-FB45-31FD-ADFC-67CE10043324}"
	ProjectSection(ProjectDependencies) = postProject
		{E17523D2-CDF1-377D-A3B3-FF774A30CDD2} = {E17523D2-CDF1-377D-A3B3-FF774A30CDD2}
		{7C102685-4A3A-378C-971D-2B6F33EA30EF} = {7C102685-4A3A-378C-971D-2B6F33EA30EF}
		{7F339C88-2995-3F68-8940-7EEC596AAA65} = {7F339C88-2995-3F68-8940-7EEC596AAA65}
		{81930392-B1CE-380F-893E-E6EAA0F28F68} = {81930392-B1CE-380F-893E-E6EAA0F28F68}
		{E557FDC4-BD5E-3D0A-9EF8-15E9063B20CF} = {E557FDC4-BD5E-3D0A-9EF8-15E9063B20CF}
	EndProjectSection
EndProject
Project("{8BC9CEB8-8B4A-11D0-8D11-00A0C91BC942}") = "llama-gguf-split", "examples\gguf-split\llama-gguf-split.vcxproj", "{08E194FE-8AD8-3902-85C1-8767DC759B6D}"
	ProjectSection(ProjectDependencies) = postProject
		{E17523D2-CDF1-377D-A3B3-FF774A30CDD2} = {E17523D2-CDF1-377D-A3B3-FF774A30CDD2}
		{A428332F-B5BD-3D12-AE56-4236C30AC3F3} = {A428332F-B5BD-3D12-AE56-4236C30AC3F3}
		{B6971B7A-7F4E-3919-82C3-3248A49A46C1} = {B6971B7A-7F4E-3919-82C3-3248A49A46C1}
		{7C102685-4A3A-378C-971D-2B6F33EA30EF} = {7C102685-4A3A-378C-971D-2B6F33EA30EF}
		{597237A0-CAF1-34C6-A314-DEE780A00927} = {597237A0-CAF1-34C6-A314-DEE780A00927}
	EndProjectSection
EndProject
Project("{8BC9CEB8-8B4A-11D0-8D11-00A0C91BC942}") = "llama-gritlm", "examples\gritlm\llama-gritlm.vcxproj", "{713BE56D-5C17-3E6C-9706-5E377A7A2B48}"
	ProjectSection(ProjectDependencies) = postProject
		{E17523D2-CDF1-377D-A3B3-FF774A30CDD2} = {E17523D2-CDF1-377D-A3B3-FF774A30CDD2}
		{A428332F-B5BD-3D12-AE56-4236C30AC3F3} = {A428332F-B5BD-3D12-AE56-4236C30AC3F3}
		{B6971B7A-7F4E-3919-82C3-3248A49A46C1} = {B6971B7A-7F4E-3919-82C3-3248A49A46C1}
		{7C102685-4A3A-378C-971D-2B6F33EA30EF} = {7C102685-4A3A-378C-971D-2B6F33EA30EF}
		{597237A0-CAF1-34C6-A314-DEE780A00927} = {597237A0-CAF1-34C6-A314-DEE780A00927}
	EndProjectSection
EndProject
Project("{8BC9CEB8-8B4A-11D0-8D11-00A0C91BC942}") = "llama-imatrix", "examples\imatrix\llama-imatrix.vcxproj", "{60D0A1EB-6D5D-36CF-8A95-42458BD41C5D}"
	ProjectSection(ProjectDependencies) = postProject
		{E17523D2-CDF1-377D-A3B3-FF774A30CDD2} = {E17523D2-CDF1-377D-A3B3-FF774A30CDD2}
		{A428332F-B5BD-3D12-AE56-4236C30AC3F3} = {A428332F-B5BD-3D12-AE56-4236C30AC3F3}
		{B6971B7A-7F4E-3919-82C3-3248A49A46C1} = {B6971B7A-7F4E-3919-82C3-3248A49A46C1}
		{7C102685-4A3A-378C-971D-2B6F33EA30EF} = {7C102685-4A3A-378C-971D-2B6F33EA30EF}
		{597237A0-CAF1-34C6-A314-DEE780A00927} = {597237A0-CAF1-34C6-A314-DEE780A00927}
	EndProjectSection
EndProject
Project("{8BC9CEB8-8B4A-11D0-8D11-00A0C91BC942}") = "llama-infill", "examples\infill\llama-infill.vcxproj", "{CB17485C-9412-37F0-A117-48DE4AD90E84}"
	ProjectSection(ProjectDependencies) = postProject
		{E17523D2-CDF1-377D-A3B3-FF774A30CDD2} = {E17523D2-CDF1-377D-A3B3-FF774A30CDD2}
		{A428332F-B5BD-3D12-AE56-4236C30AC3F3} = {A428332F-B5BD-3D12-AE56-4236C30AC3F3}
		{B6971B7A-7F4E-3919-82C3-3248A49A46C1} = {B6971B7A-7F4E-3919-82C3-3248A49A46C1}
		{7C102685-4A3A-378C-971D-2B6F33EA30EF} = {7C102685-4A3A-378C-971D-2B6F33EA30EF}
		{597237A0-CAF1-34C6-A314-DEE780A00927} = {597237A0-CAF1-34C6-A314-DEE780A00927}
	EndProjectSection
EndProject
Project("{8BC9CEB8-8B4A-11D0-8D11-00A0C91BC942}") = "llama-llava-cli", "examples\llava\llama-llava-cli.vcxproj", "{AC7C170E-E270-3CAC-92D8-982E90BDD7AC}"
	ProjectSection(ProjectDependencies) = postProject
		{E17523D2-CDF1-377D-A3B3-FF774A30CDD2} = {E17523D2-CDF1-377D-A3B3-FF774A30CDD2}
		{A428332F-B5BD-3D12-AE56-4236C30AC3F3} = {A428332F-B5BD-3D12-AE56-4236C30AC3F3}
		{B6971B7A-7F4E-3919-82C3-3248A49A46C1} = {B6971B7A-7F4E-3919-82C3-3248A49A46C1}
		{7C102685-4A3A-378C-971D-2B6F33EA30EF} = {7C102685-4A3A-378C-971D-2B6F33EA30EF}
		{597237A0-CAF1-34C6-A314-DEE780A00927} = {597237A0-CAF1-34C6-A314-DEE780A00927}
		{FC2B8555-E549-3429-912E-4BCFBA45B89A} = {FC2B8555-E549-3429-912E-4BCFBA45B89A}
	EndProjectSection
EndProject
Project("{8BC9CEB8-8B4A-11D0-8D11-00A0C91BC942}") = "llama-lookahead", "examples\lookahead\llama-lookahead.vcxproj", "{8B680088-46C9-3485-B3B5-2B88A47C70C9}"
	ProjectSection(ProjectDependencies) = postProject
		{E17523D2-CDF1-377D-A3B3-FF774A30CDD2} = {E17523D2-CDF1-377D-A3B3-FF774A30CDD2}
		{A428332F-B5BD-3D12-AE56-4236C30AC3F3} = {A428332F-B5BD-3D12-AE56-4236C30AC3F3}
		{B6971B7A-7F4E-3919-82C3-3248A49A46C1} = {B6971B7A-7F4E-3919-82C3-3248A49A46C1}
		{7C102685-4A3A-378C-971D-2B6F33EA30EF} = {7C102685-4A3A-378C-971D-2B6F33EA30EF}
		{597237A0-CAF1-34C6-A314-DEE780A00927} = {597237A0-CAF1-34C6-A314-DEE780A00927}
	EndProjectSection
EndProject
Project("{8BC9CEB8-8B4A-11D0-8D11-00A0C91BC942}") = "llama-lookup", "examples\lookup\llama-lookup.vcxproj", "{94FE2894-CC3B-350F-9364-DD2F9B1F20EE}"
	ProjectSection(ProjectDependencies) = postProject
		{E17523D2-CDF1-377D-A3B3-FF774A30CDD2} = {E17523D2-CDF1-377D-A3B3-FF774A30CDD2}
		{A428332F-B5BD-3D12-AE56-4236C30AC3F3} = {A428332F-B5BD-3D12-AE56-4236C30AC3F3}
		{B6971B7A-7F4E-3919-82C3-3248A49A46C1} = {B6971B7A-7F4E-3919-82C3-3248A49A46C1}
		{7C102685-4A3A-378C-971D-2B6F33EA30EF} = {7C102685-4A3A-378C-971D-2B6F33EA30EF}
		{597237A0-CAF1-34C6-A314-DEE780A00927} = {597237A0-CAF1-34C6-A314-DEE780A00927}
	EndProjectSection
EndProject
Project("{8BC9CEB8-8B4A-11D0-8D11-00A0C91BC942}") = "llama-lookup-create", "examples\lookup\llama-lookup-create.vcxproj", "{FF7CEDE7-C374-37C1-9A69-97C9F528B55C}"
	ProjectSection(ProjectDependencies) = postProject
		{E17523D2-CDF1-377D-A3B3-FF774A30CDD2} = {E17523D2-CDF1-377D-A3B3-FF774A30CDD2}
		{A428332F-B5BD-3D12-AE56-4236C30AC3F3} = {A428332F-B5BD-3D12-AE56-4236C30AC3F3}
		{B6971B7A-7F4E-3919-82C3-3248A49A46C1} = {B6971B7A-7F4E-3919-82C3-3248A49A46C1}
		{7C102685-4A3A-378C-971D-2B6F33EA30EF} = {7C102685-4A3A-378C-971D-2B6F33EA30EF}
		{597237A0-CAF1-34C6-A314-DEE780A00927} = {597237A0-CAF1-34C6-A314-DEE780A00927}
	EndProjectSection
EndProject
Project("{8BC9CEB8-8B4A-11D0-8D11-00A0C91BC942}") = "llama-lookup-merge", "examples\lookup\llama-lookup-merge.vcxproj", "{0F52D2CF-9E84-3B49-A0DD-9CE56026AC8B}"
	ProjectSection(ProjectDependencies) = postProject
		{E17523D2-CDF1-377D-A3B3-FF774A30CDD2} = {E17523D2-CDF1-377D-A3B3-FF774A30CDD2}
		{A428332F-B5BD-3D12-AE56-4236C30AC3F3} = {A428332F-B5BD-3D12-AE56-4236C30AC3F3}
		{B6971B7A-7F4E-3919-82C3-3248A49A46C1} = {B6971B7A-7F4E-3919-82C3-3248A49A46C1}
		{7C102685-4A3A-378C-971D-2B6F33EA30EF} = {7C102685-4A3A-378C-971D-2B6F33EA30EF}
		{597237A0-CAF1-34C6-A314-DEE780A00927} = {597237A0-CAF1-34C6-A314-DEE780A00927}
	EndProjectSection
EndProject
Project("{8BC9CEB8-8B4A-11D0-8D11-00A0C91BC942}") = "llama-lookup-stats", "examples\lookup\llama-lookup-stats.vcxproj", "{579D8BF5-6E48-3E7D-A102-6668E4530701}"
	ProjectSection(ProjectDependencies) = postProject
		{E17523D2-CDF1-377D-A3B3-FF774A30CDD2} = {E17523D2-CDF1-377D-A3B3-FF774A30CDD2}
		{A428332F-B5BD-3D12-AE56-4236C30AC3F3} = {A428332F-B5BD-3D12-AE56-4236C30AC3F3}
		{B6971B7A-7F4E-3919-82C3-3248A49A46C1} = {B6971B7A-7F4E-3919-82C3-3248A49A46C1}
		{7C102685-4A3A-378C-971D-2B6F33EA30EF} = {7C102685-4A3A-378C-971D-2B6F33EA30EF}
		{597237A0-CAF1-34C6-A314-DEE780A00927} = {597237A0-CAF1-34C6-A314-DEE780A00927}
	EndProjectSection
EndProject
Project("{8BC9CEB8-8B4A-11D0-8D11-00A0C91BC942}") = "llama-minicpmv-cli", "examples\llava\llama-minicpmv-cli.vcxproj", "{F1B35883-3F1B-34C6-8C58-E12DFD9E13B0}"
	ProjectSection(ProjectDependencies) = postProject
		{E17523D2-CDF1-377D-A3B3-FF774A30CDD2} = {E17523D2-CDF1-377D-A3B3-FF774A30CDD2}
		{A428332F-B5BD-3D12-AE56-4236C30AC3F3} = {A428332F-B5BD-3D12-AE56-4236C30AC3F3}
		{B6971B7A-7F4E-3919-82C3-3248A49A46C1} = {B6971B7A-7F4E-3919-82C3-3248A49A46C1}
		{7C102685-4A3A-378C-971D-2B6F33EA30EF} = {7C102685-4A3A-378C-971D-2B6F33EA30EF}
		{597237A0-CAF1-34C6-A314-DEE780A00927} = {597237A0-CAF1-34C6-A314-DEE780A00927}
		{FC2B8555-E549-3429-912E-4BCFBA45B89A} = {FC2B8555-E549-3429-912E-4BCFBA45B89A}
	EndProjectSection
EndProject
Project("{8BC9CEB8-8B4A-11D0-8D11-00A0C91BC942}") = "llama-parallel", "examples\parallel\llama-parallel.vcxproj", "{48EEFC90-FA5F-3FEC-BA71-A0BC9A53451E}"
	ProjectSection(ProjectDependencies) = postProject
		{E17523D2-CDF1-377D-A3B3-FF774A30CDD2} = {E17523D2-CDF1-377D-A3B3-FF774A30CDD2}
		{A428332F-B5BD-3D12-AE56-4236C30AC3F3} = {A428332F-B5BD-3D12-AE56-4236C30AC3F3}
		{B6971B7A-7F4E-3919-82C3-3248A49A46C1} = {B6971B7A-7F4E-3919-82C3-3248A49A46C1}
		{7C102685-4A3A-378C-971D-2B6F33EA30EF} = {7C102685-4A3A-378C-971D-2B6F33EA30EF}
		{597237A0-CAF1-34C6-A314-DEE780A00927} = {597237A0-CAF1-34C6-A314-DEE780A00927}
	EndProjectSection
EndProject
Project("{8BC9CEB8-8B4A-11D0-8D11-00A0C91BC942}") = "llama-passkey", "examples\passkey\llama-passkey.vcxproj", "{3514E52E-E4DB-37B3-914A-F2093F15B016}"
	ProjectSection(ProjectDependencies) = postProject
		{E17523D2-CDF1-377D-A3B3-FF774A30CDD2} = {E17523D2-CDF1-377D-A3B3-FF774A30CDD2}
		{A428332F-B5BD-3D12-AE56-4236C30AC3F3} = {A428332F-B5BD-3D12-AE56-4236C30AC3F3}
		{B6971B7A-7F4E-3919-82C3-3248A49A46C1} = {B6971B7A-7F4E-3919-82C3-3248A49A46C1}
		{7C102685-4A3A-378C-971D-2B6F33EA30EF} = {7C102685-4A3A-378C-971D-2B6F33EA30EF}
		{597237A0-CAF1-34C6-A314-DEE780A00927} = {597237A0-CAF1-34C6-A314-DEE780A00927}
	EndProjectSection
EndProject
Project("{8BC9CEB8-8B4A-11D0-8D11-00A0C91BC942}") = "llama-perplexity", "examples\perplexity\llama-perplexity.vcxproj", "{ED016F98-EBF2-32AB-A934-EA71D2E22707}"
	ProjectSection(ProjectDependencies) = postProject
		{E17523D2-CDF1-377D-A3B3-FF774A30CDD2} = {E17523D2-CDF1-377D-A3B3-FF774A30CDD2}
		{A428332F-B5BD-3D12-AE56-4236C30AC3F3} = {A428332F-B5BD-3D12-AE56-4236C30AC3F3}
		{B6971B7A-7F4E-3919-82C3-3248A49A46C1} = {B6971B7A-7F4E-3919-82C3-3248A49A46C1}
		{7C102685-4A3A-378C-971D-2B6F33EA30EF} = {7C102685-4A3A-378C-971D-2B6F33EA30EF}
		{597237A0-CAF1-34C6-A314-DEE780A00927} = {597237A0-CAF1-34C6-A314-DEE780A00927}
	EndProjectSection
EndProject
Project("{8BC9CEB8-8B4A-11D0-8D11-00A0C91BC942}") = "llama-q8dot", "pocs\vdot\llama-q8dot.vcxproj", "{8750672A-1B4E-39E0-BAED-BEB83AC34C89}"
	ProjectSection(ProjectDependencies) = postProject
		{E17523D2-CDF1-377D-A3B3-FF774A30CDD2} = {E17523D2-CDF1-377D-A3B3-FF774A30CDD2}
		{A428332F-B5BD-3D12-AE56-4236C30AC3F3} = {A428332F-B5BD-3D12-AE56-4236C30AC3F3}
		{B6971B7A-7F4E-3919-82C3-3248A49A46C1} = {B6971B7A-7F4E-3919-82C3-3248A49A46C1}
		{7C102685-4A3A-378C-971D-2B6F33EA30EF} = {7C102685-4A3A-378C-971D-2B6F33EA30EF}
		{597237A0-CAF1-34C6-A314-DEE780A00927} = {597237A0-CAF1-34C6-A314-DEE780A00927}
	EndProjectSection
EndProject
Project("{8BC9CEB8-8B4A-11D0-8D11-00A0C91BC942}") = "llama-quantize", "examples\quantize\llama-quantize.vcxproj", "{5AA4571D-0E10-33A3-BECE-72B15FE28F14}"
	ProjectSection(ProjectDependencies) = postProject
		{E17523D2-CDF1-377D-A3B3-FF774A30CDD2} = {E17523D2-CDF1-377D-A3B3-FF774A30CDD2}
		{A428332F-B5BD-3D12-AE56-4236C30AC3F3} = {A428332F-B5BD-3D12-AE56-4236C30AC3F3}
		{B6971B7A-7F4E-3919-82C3-3248A49A46C1} = {B6971B7A-7F4E-3919-82C3-3248A49A46C1}
		{7C102685-4A3A-378C-971D-2B6F33EA30EF} = {7C102685-4A3A-378C-971D-2B6F33EA30EF}
		{597237A0-CAF1-34C6-A314-DEE780A00927} = {597237A0-CAF1-34C6-A314-DEE780A00927}
	EndProjectSection
EndProject
Project("{8BC9CEB8-8B4A-11D0-8D11-00A0C91BC942}") = "llama-quantize-stats", "examples\quantize-stats\llama-quantize-stats.vcxproj", "{4693ED7C-98C6-31BF-A9EF-D7146F1B3FFA}"
	ProjectSection(ProjectDependencies) = postProject
		{E17523D2-CDF1-377D-A3B3-FF774A30CDD2} = {E17523D2-CDF1-377D-A3B3-FF774A30CDD2}
		{A428332F-B5BD-3D12-AE56-4236C30AC3F3} = {A428332F-B5BD-3D12-AE56-4236C30AC3F3}
		{7C102685-4A3A-378C-971D-2B6F33EA30EF} = {7C102685-4A3A-378C-971D-2B6F33EA30EF}
		{597237A0-CAF1-34C6-A314-DEE780A00927} = {597237A0-CAF1-34C6-A314-DEE780A00927}
	EndProjectSection
EndProject
Project("{8BC9CEB8-8B4A-11D0-8D11-00A0C91BC942}") = "llama-retrieval", "examples\retrieval\llama-retrieval.vcxproj", "{D606D193-4743-3C9F-8D5C-2B848A476D0D}"
	ProjectSection(ProjectDependencies) = postProject
		{E17523D2-CDF1-377D-A3B3-FF774A30CDD2} = {E17523D2-CDF1-377D-A3B3-FF774A30CDD2}
		{A428332F-B5BD-3D12-AE56-4236C30AC3F3} = {A428332F-B5BD-3D12-AE56-4236C30AC3F3}
		{B6971B7A-7F4E-3919-82C3-3248A49A46C1} = {B6971B7A-7F4E-3919-82C3-3248A49A46C1}
		{7C102685-4A3A-378C-971D-2B6F33EA30EF} = {7C102685-4A3A-378C-971D-2B6F33EA30EF}
		{597237A0-CAF1-34C6-A314-DEE780A00927} = {597237A0-CAF1-34C6-A314-DEE780A00927}
	EndProjectSection
EndProject
Project("{8BC9CEB8-8B4A-11D0-8D11-00A0C91BC942}") = "llama-save-load-state", "examples\save-load-state\llama-save-load-state.vcxproj", "{08EFB18E-F75A-3A8D-8628-10EB4C5C18E1}"
	ProjectSection(ProjectDependencies) = postProject
		{E17523D2-CDF1-377D-A3B3-FF774A30CDD2} = {E17523D2-CDF1-377D-A3B3-FF774A30CDD2}
		{A428332F-B5BD-3D12-AE56-4236C30AC3F3} = {A428332F-B5BD-3D12-AE56-4236C30AC3F3}
		{B6971B7A-7F4E-3919-82C3-3248A49A46C1} = {B6971B7A-7F4E-3919-82C3-3248A49A46C1}
		{7C102685-4A3A-378C-971D-2B6F33EA30EF} = {7C102685-4A3A-378C-971D-2B6F33EA30EF}
		{597237A0-CAF1-34C6-A314-DEE780A00927} = {597237A0-CAF1-34C6-A314-DEE780A00927}
	EndProjectSection
EndProject
Project("{8BC9CEB8-8B4A-11D0-8D11-00A0C91BC942}") = "llama-server", "examples\server\llama-server.vcxproj", "{658BE893-DF42-30F3-B7FA-E1E84F4752A8}"
	ProjectSection(ProjectDependencies) = postProject
		{E17523D2-CDF1-377D-A3B3-FF774A30CDD2} = {E17523D2-CDF1-377D-A3B3-FF774A30CDD2}
		{A428332F-B5BD-3D12-AE56-4236C30AC3F3} = {A428332F-B5BD-3D12-AE56-4236C30AC3F3}
		{B6971B7A-7F4E-3919-82C3-3248A49A46C1} = {B6971B7A-7F4E-3919-82C3-3248A49A46C1}
		{7C102685-4A3A-378C-971D-2B6F33EA30EF} = {7C102685-4A3A-378C-971D-2B6F33EA30EF}
		{597237A0-CAF1-34C6-A314-DEE780A00927} = {597237A0-CAF1-34C6-A314-DEE780A00927}
	EndProjectSection
EndProject
Project("{8BC9CEB8-8B4A-11D0-8D11-00A0C91BC942}") = "llama-simple", "examples\simple\llama-simple.vcxproj", "{D3F8AF86-B517-3488-8E34-AFB14D31AA7D}"
	ProjectSection(ProjectDependencies) = postProject
		{E17523D2-CDF1-377D-A3B3-FF774A30CDD2} = {E17523D2-CDF1-377D-A3B3-FF774A30CDD2}
		{A428332F-B5BD-3D12-AE56-4236C30AC3F3} = {A428332F-B5BD-3D12-AE56-4236C30AC3F3}
		{B6971B7A-7F4E-3919-82C3-3248A49A46C1} = {B6971B7A-7F4E-3919-82C3-3248A49A46C1}
		{7C102685-4A3A-378C-971D-2B6F33EA30EF} = {7C102685-4A3A-378C-971D-2B6F33EA30EF}
		{597237A0-CAF1-34C6-A314-DEE780A00927} = {597237A0-CAF1-34C6-A314-DEE780A00927}
	EndProjectSection
EndProject
Project("{8BC9CEB8-8B4A-11D0-8D11-00A0C91BC942}") = "llama-speculative", "examples\speculative\llama-speculative.vcxproj", "{54131B21-7E02-3AC0-A66C-36D86E4ED9A7}"
	ProjectSection(ProjectDependencies) = postProject
		{E17523D2-CDF1-377D-A3B3-FF774A30CDD2} = {E17523D2-CDF1-377D-A3B3-FF774A30CDD2}
		{A428332F-B5BD-3D12-AE56-4236C30AC3F3} = {A428332F-B5BD-3D12-AE56-4236C30AC3F3}
		{B6971B7A-7F4E-3919-82C3-3248A49A46C1} = {B6971B7A-7F4E-3919-82C3-3248A49A46C1}
		{7C102685-4A3A-378C-971D-2B6F33EA30EF} = {7C102685-4A3A-378C-971D-2B6F33EA30EF}
		{597237A0-CAF1-34C6-A314-DEE780A00927} = {597237A0-CAF1-34C6-A314-DEE780A00927}
	EndProjectSection
EndProject
Project("{8BC9CEB8-8B4A-11D0-8D11-00A0C91BC942}") = "llama-tokenize", "examples\tokenize\llama-tokenize.vcxproj", "{B2B3399E-3FB2-34E2-8955-EE11A3924C1D}"
	ProjectSection(ProjectDependencies) = postProject
		{E17523D2-CDF1-377D-A3B3-FF774A30CDD2} = {E17523D2-CDF1-377D-A3B3-FF774A30CDD2}
		{A428332F-B5BD-3D12-AE56-4236C30AC3F3} = {A428332F-B5BD-3D12-AE56-4236C30AC3F3}
		{B6971B7A-7F4E-3919-82C3-3248A49A46C1} = {B6971B7A-7F4E-3919-82C3-3248A49A46C1}
		{7C102685-4A3A-378C-971D-2B6F33EA30EF} = {7C102685-4A3A-378C-971D-2B6F33EA30EF}
		{597237A0-CAF1-34C6-A314-DEE780A00927} = {597237A0-CAF1-34C6-A314-DEE780A00927}
	EndProjectSection
EndProject
Project("{8BC9CEB8-8B4A-11D0-8D11-00A0C91BC942}") = "llama-vdot", "pocs\vdot\llama-vdot.vcxproj", "{7093D564-563B-331A-8935-981450B11D58}"
	ProjectSection(ProjectDependencies) = postProject
		{E17523D2-CDF1-377D-A3B3-FF774A30CDD2} = {E17523D2-CDF1-377D-A3B3-FF774A30CDD2}
		{A428332F-B5BD-3D12-AE56-4236C30AC3F3} = {A428332F-B5BD-3D12-AE56-4236C30AC3F3}
		{B6971B7A-7F4E-3919-82C3-3248A49A46C1} = {B6971B7A-7F4E-3919-82C3-3248A49A46C1}
		{7C102685-4A3A-378C-971D-2B6F33EA30EF} = {7C102685-4A3A-378C-971D-2B6F33EA30EF}
		{597237A0-CAF1-34C6-A314-DEE780A00927} = {597237A0-CAF1-34C6-A314-DEE780A00927}
	EndProjectSection
EndProject
Project("{8BC9CEB8-8B4A-11D0-8D11-00A0C91BC942}") = "llava", "examples\llava\llava.vcxproj", "{FC2B8555-E549-3429-912E-4BCFBA45B89A}"
	ProjectSection(ProjectDependencies) = postProject
		{E17523D2-CDF1-377D-A3B3-FF774A30CDD2} = {E17523D2-CDF1-377D-A3B3-FF774A30CDD2}
		{7C102685-4A3A-378C-971D-2B6F33EA30EF} = {7C102685-4A3A-378C-971D-2B6F33EA30EF}
		{597237A0-CAF1-34C6-A314-DEE780A00927} = {597237A0-CAF1-34C6-A314-DEE780A00927}
	EndProjectSection
EndProject
Project("{8BC9CEB8-8B4A-11D0-8D11-00A0C91BC942}") = "llava_shared", "examples\llava\llava_shared.vcxproj", "{EB272AF6-AF37-359F-A88A-10C496ECB66B}"
	ProjectSection(ProjectDependencies) = postProject
		{E17523D2-CDF1-377D-A3B3-FF774A30CDD2} = {E17523D2-CDF1-377D-A3B3-FF774A30CDD2}
		{7C102685-4A3A-378C-971D-2B6F33EA30EF} = {7C102685-4A3A-378C-971D-2B6F33EA30EF}
		{597237A0-CAF1-34C6-A314-DEE780A00927} = {597237A0-CAF1-34C6-A314-DEE780A00927}
		{FC2B8555-E549-3429-912E-4BCFBA45B89A} = {FC2B8555-E549-3429-912E-4BCFBA45B89A}
	EndProjectSection
EndProject
Project("{8BC9CEB8-8B4A-11D0-8D11-00A0C91BC942}") = "llava_static", "examples\llava\llava_static.vcxproj", "{D6D27152-81FB-368F-B1B6-0E0F0763C976}"
	ProjectSection(ProjectDependencies) = postProject
		{E17523D2-CDF1-377D-A3B3-FF774A30CDD2} = {E17523D2-CDF1-377D-A3B3-FF774A30CDD2}
		{FC2B8555-E549-3429-912E-4BCFBA45B89A} = {FC2B8555-E549-3429-912E-4BCFBA45B89A}
	EndProjectSection
EndProject
Project("{8BC9CEB8-8B4A-11D0-8D11-00A0C91BC942}") = "sha1", "examples\gguf-hash\sha1.vcxproj", "{7F339C88-2995-3F68-8940-7EEC596AAA65}"
	ProjectSection(ProjectDependencies) = postProject
		{E17523D2-CDF1-377D-A3B3-FF774A30CDD2} = {E17523D2-CDF1-377D-A3B3-FF774A30CDD2}
	EndProjectSection
EndProject
Project("{8BC9CEB8-8B4A-11D0-8D11-00A0C91BC942}") = "sha256", "examples\gguf-hash\sha256.vcxproj", "{81930392-B1CE-380F-893E-E6EAA0F28F68}"
	ProjectSection(ProjectDependencies) = postProject
		{E17523D2-CDF1-377D-A3B3-FF774A30CDD2} = {E17523D2-CDF1-377D-A3B3-FF774A30CDD2}
	EndProjectSection
EndProject
Project("{8BC9CEB8-8B4A-11D0-8D11-00A0C91BC942}") = "test-autorelease", "tests\test-autorelease.vcxproj", "{913F5E7D-E99F-37D3-AFB1-081C29C3AB6B}"
	ProjectSection(ProjectDependencies) = postProject
		{E17523D2-CDF1-377D-A3B3-FF774A30CDD2} = {E17523D2-CDF1-377D-A3B3-FF774A30CDD2}
		{A428332F-B5BD-3D12-AE56-4236C30AC3F3} = {A428332F-B5BD-3D12-AE56-4236C30AC3F3}
		{B6971B7A-7F4E-3919-82C3-3248A49A46C1} = {B6971B7A-7F4E-3919-82C3-3248A49A46C1}
		{7C102685-4A3A-378C-971D-2B6F33EA30EF} = {7C102685-4A3A-378C-971D-2B6F33EA30EF}
		{597237A0-CAF1-34C6-A314-DEE780A00927} = {597237A0-CAF1-34C6-A314-DEE780A00927}
	EndProjectSection
EndProject
Project("{8BC9CEB8-8B4A-11D0-8D11-00A0C91BC942}") = "test-backend-ops", "tests\test-backend-ops.vcxproj", "{BA0FA13A-5041-33CF-9F22-D2A316525BD8}"
	ProjectSection(ProjectDependencies) = postProject
		{E17523D2-CDF1-377D-A3B3-FF774A30CDD2} = {E17523D2-CDF1-377D-A3B3-FF774A30CDD2}
		{A428332F-B5BD-3D12-AE56-4236C30AC3F3} = {A428332F-B5BD-3D12-AE56-4236C30AC3F3}
		{B6971B7A-7F4E-3919-82C3-3248A49A46C1} = {B6971B7A-7F4E-3919-82C3-3248A49A46C1}
		{7C102685-4A3A-378C-971D-2B6F33EA30EF} = {7C102685-4A3A-378C-971D-2B6F33EA30EF}
		{597237A0-CAF1-34C6-A314-DEE780A00927} = {597237A0-CAF1-34C6-A314-DEE780A00927}
	EndProjectSection
EndProject
Project("{8BC9CEB8-8B4A-11D0-8D11-00A0C91BC942}") = "test-c", "tests\test-c.vcxproj", "{50BC7603-5DB3-390E-AB57-F4117A079BCF}"
	ProjectSection(ProjectDependencies) = postProject
		{E17523D2-CDF1-377D-A3B3-FF774A30CDD2} = {E17523D2-CDF1-377D-A3B3-FF774A30CDD2}
		{7C102685-4A3A-378C-971D-2B6F33EA30EF} = {7C102685-4A3A-378C-971D-2B6F33EA30EF}
		{597237A0-CAF1-34C6-A314-DEE780A00927} = {597237A0-CAF1-34C6-A314-DEE780A00927}
	EndProjectSection
EndProject
Project("{8BC9CEB8-8B4A-11D0-8D11-00A0C91BC942}") = "test-chat-template", "tests\test-chat-template.vcxproj", "{1BF5DAC7-47C0-38D9-8B91-097F62718E30}"
	ProjectSection(ProjectDependencies) = postProject
		{E17523D2-CDF1-377D-A3B3-FF774A30CDD2} = {E17523D2-CDF1-377D-A3B3-FF774A30CDD2}
		{A428332F-B5BD-3D12-AE56-4236C30AC3F3} = {A428332F-B5BD-3D12-AE56-4236C30AC3F3}
		{B6971B7A-7F4E-3919-82C3-3248A49A46C1} = {B6971B7A-7F4E-3919-82C3-3248A49A46C1}
		{7C102685-4A3A-378C-971D-2B6F33EA30EF} = {7C102685-4A3A-378C-971D-2B6F33EA30EF}
		{597237A0-CAF1-34C6-A314-DEE780A00927} = {597237A0-CAF1-34C6-A314-DEE780A00927}
	EndProjectSection
EndProject
Project("{8BC9CEB8-8B4A-11D0-8D11-00A0C91BC942}") = "test-grad0", "tests\test-grad0.vcxproj", "{5CEAF5BF-3CCF-31D5-9996-E14C703FB60C}"
	ProjectSection(ProjectDependencies) = postProject
		{E17523D2-CDF1-377D-A3B3-FF774A30CDD2} = {E17523D2-CDF1-377D-A3B3-FF774A30CDD2}
		{A428332F-B5BD-3D12-AE56-4236C30AC3F3} = {A428332F-B5BD-3D12-AE56-4236C30AC3F3}
		{B6971B7A-7F4E-3919-82C3-3248A49A46C1} = {B6971B7A-7F4E-3919-82C3-3248A49A46C1}
		{7C102685-4A3A-378C-971D-2B6F33EA30EF} = {7C102685-4A3A-378C-971D-2B6F33EA30EF}
		{597237A0-CAF1-34C6-A314-DEE780A00927} = {597237A0-CAF1-34C6-A314-DEE780A00927}
	EndProjectSection
EndProject
Project("{8BC9CEB8-8B4A-11D0-8D11-00A0C91BC942}") = "test-grammar-integration", "tests\test-grammar-integration.vcxproj", "{77820B0F-25B4-30F8-840B-82288FB9F3E7}"
	ProjectSection(ProjectDependencies) = postProject
		{E17523D2-CDF1-377D-A3B3-FF774A30CDD2} = {E17523D2-CDF1-377D-A3B3-FF774A30CDD2}
		{A428332F-B5BD-3D12-AE56-4236C30AC3F3} = {A428332F-B5BD-3D12-AE56-4236C30AC3F3}
		{B6971B7A-7F4E-3919-82C3-3248A49A46C1} = {B6971B7A-7F4E-3919-82C3-3248A49A46C1}
		{7C102685-4A3A-378C-971D-2B6F33EA30EF} = {7C102685-4A3A-378C-971D-2B6F33EA30EF}
		{597237A0-CAF1-34C6-A314-DEE780A00927} = {597237A0-CAF1-34C6-A314-DEE780A00927}
	EndProjectSection
EndProject
Project("{8BC9CEB8-8B4A-11D0-8D11-00A0C91BC942}") = "test-grammar-parser", "tests\test-grammar-parser.vcxproj", "{78784A3B-23D1-3419-85C1-7E6C730F0BE0}"
	ProjectSection(ProjectDependencies) = postProject
		{E17523D2-CDF1-377D-A3B3-FF774A30CDD2} = {E17523D2-CDF1-377D-A3B3-FF774A30CDD2}
		{A428332F-B5BD-3D12-AE56-4236C30AC3F3} = {A428332F-B5BD-3D12-AE56-4236C30AC3F3}
		{B6971B7A-7F4E-3919-82C3-3248A49A46C1} = {B6971B7A-7F4E-3919-82C3-3248A49A46C1}
		{7C102685-4A3A-378C-971D-2B6F33EA30EF} = {7C102685-4A3A-378C-971D-2B6F33EA30EF}
		{597237A0-CAF1-34C6-A314-DEE780A00927} = {597237A0-CAF1-34C6-A314-DEE780A00927}
	EndProjectSection
EndProject
Project("{8BC9CEB8-8B4A-11D0-8D11-00A0C91BC942}") = "test-json-schema-to-grammar", "tests\test-json-schema-to-grammar.vcxproj", "{93162EF7-BA97-3F6F-B751-181EC600D366}"
	ProjectSection(ProjectDependencies) = postProject
		{E17523D2-CDF1-377D-A3B3-FF774A30CDD2} = {E17523D2-CDF1-377D-A3B3-FF774A30CDD2}
		{A428332F-B5BD-3D12-AE56-4236C30AC3F3} = {A428332F-B5BD-3D12-AE56-4236C30AC3F3}
		{B6971B7A-7F4E-3919-82C3-3248A49A46C1} = {B6971B7A-7F4E-3919-82C3-3248A49A46C1}
		{7C102685-4A3A-378C-971D-2B6F33EA30EF} = {7C102685-4A3A-378C-971D-2B6F33EA30EF}
		{597237A0-CAF1-34C6-A314-DEE780A00927} = {597237A0-CAF1-34C6-A314-DEE780A00927}
	EndProjectSection
EndProject
Project("{8BC9CEB8-8B4A-11D0-8D11-00A0C91BC942}") = "test-llama-grammar", "tests\test-llama-grammar.vcxproj", "{4E6305BE-4A26-3226-A3C2-2D09867CE937}"
	ProjectSection(ProjectDependencies) = postProject
		{E17523D2-CDF1-377D-A3B3-FF774A30CDD2} = {E17523D2-CDF1-377D-A3B3-FF774A30CDD2}
		{A428332F-B5BD-3D12-AE56-4236C30AC3F3} = {A428332F-B5BD-3D12-AE56-4236C30AC3F3}
		{B6971B7A-7F4E-3919-82C3-3248A49A46C1} = {B6971B7A-7F4E-3919-82C3-3248A49A46C1}
		{7C102685-4A3A-378C-971D-2B6F33EA30EF} = {7C102685-4A3A-378C-971D-2B6F33EA30EF}
		{597237A0-CAF1-34C6-A314-DEE780A00927} = {597237A0-CAF1-34C6-A314-DEE780A00927}
	EndProjectSection
EndProject
Project("{8BC9CEB8-8B4A-11D0-8D11-00A0C91BC942}") = "test-model-load-cancel", "tests\test-model-load-cancel.vcxproj", "{B22E40B4-71BB-3A6C-A865-C435BE2224A6}"
	ProjectSection(ProjectDependencies) = postProject
		{E17523D2-CDF1-377D-A3B3-FF774A30CDD2} = {E17523D2-CDF1-377D-A3B3-FF774A30CDD2}
		{A428332F-B5BD-3D12-AE56-4236C30AC3F3} = {A428332F-B5BD-3D12-AE56-4236C30AC3F3}
		{B6971B7A-7F4E-3919-82C3-3248A49A46C1} = {B6971B7A-7F4E-3919-82C3-3248A49A46C1}
		{7C102685-4A3A-378C-971D-2B6F33EA30EF} = {7C102685-4A3A-378C-971D-2B6F33EA30EF}
		{597237A0-CAF1-34C6-A314-DEE780A00927} = {597237A0-CAF1-34C6-A314-DEE780A00927}
	EndProjectSection
EndProject
Project("{8BC9CEB8-8B4A-11D0-8D11-00A0C91BC942}") = "test-quantize-fns", "tests\test-quantize-fns.vcxproj", "{BE9F46A1-08F5-3588-B725-49F0268B1964}"
	ProjectSection(ProjectDependencies) = postProject
		{E17523D2-CDF1-377D-A3B3-FF774A30CDD2} = {E17523D2-CDF1-377D-A3B3-FF774A30CDD2}
		{A428332F-B5BD-3D12-AE56-4236C30AC3F3} = {A428332F-B5BD-3D12-AE56-4236C30AC3F3}
		{B6971B7A-7F4E-3919-82C3-3248A49A46C1} = {B6971B7A-7F4E-3919-82C3-3248A49A46C1}
		{7C102685-4A3A-378C-971D-2B6F33EA30EF} = {7C102685-4A3A-378C-971D-2B6F33EA30EF}
		{597237A0-CAF1-34C6-A314-DEE780A00927} = {597237A0-CAF1-34C6-A314-DEE780A00927}
	EndProjectSection
EndProject
Project("{8BC9CEB8-8B4A-11D0-8D11-00A0C91BC942}") = "test-quantize-perf", "tests\test-quantize-perf.vcxproj", "{3C642679-5887-3BB9-B1DC-2D55818451A6}"
	ProjectSection(ProjectDependencies) = postProject
		{E17523D2-CDF1-377D-A3B3-FF774A30CDD2} = {E17523D2-CDF1-377D-A3B3-FF774A30CDD2}
		{A428332F-B5BD-3D12-AE56-4236C30AC3F3} = {A428332F-B5BD-3D12-AE56-4236C30AC3F3}
		{B6971B7A-7F4E-3919-82C3-3248A49A46C1} = {B6971B7A-7F4E-3919-82C3-3248A49A46C1}
		{7C102685-4A3A-378C-971D-2B6F33EA30EF} = {7C102685-4A3A-378C-971D-2B6F33EA30EF}
		{597237A0-CAF1-34C6-A314-DEE780A00927} = {597237A0-CAF1-34C6-A314-DEE780A00927}
	EndProjectSection
EndProject
Project("{8BC9CEB8-8B4A-11D0-8D11-00A0C91BC942}") = "test-rope", "tests\test-rope.vcxproj", "{7BD2ADDA-9A1A-370B-AE8B-C376F09C973C}"
	ProjectSection(ProjectDependencies) = postProject
		{E17523D2-CDF1-377D-A3B3-FF774A30CDD2} = {E17523D2-CDF1-377D-A3B3-FF774A30CDD2}
		{A428332F-B5BD-3D12-AE56-4236C30AC3F3} = {A428332F-B5BD-3D12-AE56-4236C30AC3F3}
		{B6971B7A-7F4E-3919-82C3-3248A49A46C1} = {B6971B7A-7F4E-3919-82C3-3248A49A46C1}
		{7C102685-4A3A-378C-971D-2B6F33EA30EF} = {7C102685-4A3A-378C-971D-2B6F33EA30EF}
		{597237A0-CAF1-34C6-A314-DEE780A00927} = {597237A0-CAF1-34C6-A314-DEE780A00927}
	EndProjectSection
EndProject
Project("{8BC9CEB8-8B4A-11D0-8D11-00A0C91BC942}") = "test-sampling", "tests\test-sampling.vcxproj", "{8DD9AE11-BC68-3792-9E26-C9CF25870413}"
	ProjectSection(ProjectDependencies) = postProject
		{E17523D2-CDF1-377D-A3B3-FF774A30CDD2} = {E17523D2-CDF1-377D-A3B3-FF774A30CDD2}
		{A428332F-B5BD-3D12-AE56-4236C30AC3F3} = {A428332F-B5BD-3D12-AE56-4236C30AC3F3}
		{B6971B7A-7F4E-3919-82C3-3248A49A46C1} = {B6971B7A-7F4E-3919-82C3-3248A49A46C1}
		{7C102685-4A3A-378C-971D-2B6F33EA30EF} = {7C102685-4A3A-378C-971D-2B6F33EA30EF}
		{597237A0-CAF1-34C6-A314-DEE780A00927} = {597237A0-CAF1-34C6-A314-DEE780A00927}
	EndProjectSection
EndProject
Project("{8BC9CEB8-8B4A-11D0-8D11-00A0C91BC942}") = "test-tokenizer-0", "tests\test-tokenizer-0.vcxproj", "{0E3BDAFE-F094-32AC-BDF1-C2133D71FD26}"
	ProjectSection(ProjectDependencies) = postProject
		{E17523D2-CDF1-377D-A3B3-FF774A30CDD2} = {E17523D2-CDF1-377D-A3B3-FF774A30CDD2}
		{A428332F-B5BD-3D12-AE56-4236C30AC3F3} = {A428332F-B5BD-3D12-AE56-4236C30AC3F3}
		{B6971B7A-7F4E-3919-82C3-3248A49A46C1} = {B6971B7A-7F4E-3919-82C3-3248A49A46C1}
		{7C102685-4A3A-378C-971D-2B6F33EA30EF} = {7C102685-4A3A-378C-971D-2B6F33EA30EF}
		{597237A0-CAF1-34C6-A314-DEE780A00927} = {597237A0-CAF1-34C6-A314-DEE780A00927}
	EndProjectSection
EndProject
Project("{8BC9CEB8-8B4A-11D0-8D11-00A0C91BC942}") = "test-tokenizer-1-bpe", "tests\test-tokenizer-1-bpe.vcxproj", "{EC1BB5F6-6791-39A9-90A9-37E8B7232151}"
	ProjectSection(ProjectDependencies) = postProject
		{E17523D2-CDF1-377D-A3B3-FF774A30CDD2} = {E17523D2-CDF1-377D-A3B3-FF774A30CDD2}
		{A428332F-B5BD-3D12-AE56-4236C30AC3F3} = {A428332F-B5BD-3D12-AE56-4236C30AC3F3}
		{B6971B7A-7F4E-3919-82C3-3248A49A46C1} = {B6971B7A-7F4E-3919-82C3-3248A49A46C1}
		{7C102685-4A3A-378C-971D-2B6F33EA30EF} = {7C102685-4A3A-378C-971D-2B6F33EA30EF}
		{597237A0-CAF1-34C6-A314-DEE780A00927} = {597237A0-CAF1-34C6-A314-DEE780A00927}
	EndProjectSection
EndProject
Project("{8BC9CEB8-8B4A-11D0-8D11-00A0C91BC942}") = "test-tokenizer-1-spm", "tests\test-tokenizer-1-spm.vcxproj", "{BB41B947-8CC6-3312-882F-857EAD3CDA93}"
	ProjectSection(ProjectDependencies) = postProject
		{E17523D2-CDF1-377D-A3B3-FF774A30CDD2} = {E17523D2-CDF1-377D-A3B3-FF774A30CDD2}
		{A428332F-B5BD-3D12-AE56-4236C30AC3F3} = {A428332F-B5BD-3D12-AE56-4236C30AC3F3}
		{B6971B7A-7F4E-3919-82C3-3248A49A46C1} = {B6971B7A-7F4E-3919-82C3-3248A49A46C1}
		{7C102685-4A3A-378C-971D-2B6F33EA30EF} = {7C102685-4A3A-378C-971D-2B6F33EA30EF}
		{597237A0-CAF1-34C6-A314-DEE780A00927} = {597237A0-CAF1-34C6-A314-DEE780A00927}
	EndProjectSection
EndProject
Project("{8BC9CEB8-8B4A-11D0-8D11-00A0C91BC942}") = "xxhash", "examples\gguf-hash\xxhash.vcxproj", "{E557FDC4-BD5E-3D0A-9EF8-15E9063B20CF}"
	ProjectSection(ProjectDependencies) = postProject
		{E17523D2-CDF1-377D-A3B3-FF774A30CDD2} = {E17523D2-CDF1-377D-A3B3-FF774A30CDD2}
	EndProjectSection
EndProject
Global
	GlobalSection(SolutionConfigurationPlatforms) = preSolution
		Debug|x64 = Debug|x64
		Release|x64 = Release|x64
		MinSizeRel|x64 = MinSizeRel|x64
		RelWithDebInfo|x64 = RelWithDebInfo|x64
	EndGlobalSection
	GlobalSection(ProjectConfigurationPlatforms) = postSolution
		{E0C027D1-4F37-3AAA-9D7E-C2E914BC976E}.Debug|x64.ActiveCfg = Debug|x64
		{E0C027D1-4F37-3AAA-9D7E-C2E914BC976E}.Debug|x64.Build.0 = Debug|x64
		{E0C027D1-4F37-3AAA-9D7E-C2E914BC976E}.Release|x64.ActiveCfg = Release|x64
		{E0C027D1-4F37-3AAA-9D7E-C2E914BC976E}.Release|x64.Build.0 = Release|x64
		{E0C027D1-4F37-3AAA-9D7E-C2E914BC976E}.MinSizeRel|x64.ActiveCfg = MinSizeRel|x64
		{E0C027D1-4F37-3AAA-9D7E-C2E914BC976E}.MinSizeRel|x64.Build.0 = MinSizeRel|x64
		{E0C027D1-4F37-3AAA-9D7E-C2E914BC976E}.RelWithDebInfo|x64.ActiveCfg = RelWithDebInfo|x64
		{E0C027D1-4F37-3AAA-9D7E-C2E914BC976E}.RelWithDebInfo|x64.Build.0 = RelWithDebInfo|x64
		{ADE1B34D-1F39-3C21-8798-1CC240851A9D}.Debug|x64.ActiveCfg = Debug|x64
		{ADE1B34D-1F39-3C21-8798-1CC240851A9D}.Release|x64.ActiveCfg = Release|x64
		{ADE1B34D-1F39-3C21-8798-1CC240851A9D}.MinSizeRel|x64.ActiveCfg = MinSizeRel|x64
		{ADE1B34D-1F39-3C21-8798-1CC240851A9D}.RelWithDebInfo|x64.ActiveCfg = RelWithDebInfo|x64
		{7114EF0C-8EC9-3801-9A08-9BB18EEF7B31}.Debug|x64.ActiveCfg = Debug|x64
		{7114EF0C-8EC9-3801-9A08-9BB18EEF7B31}.Release|x64.ActiveCfg = Release|x64
		{7114EF0C-8EC9-3801-9A08-9BB18EEF7B31}.MinSizeRel|x64.ActiveCfg = MinSizeRel|x64
		{7114EF0C-8EC9-3801-9A08-9BB18EEF7B31}.RelWithDebInfo|x64.ActiveCfg = RelWithDebInfo|x64
		{FED60DCA-F031-3884-9EB0-AE634E383F73}.Debug|x64.ActiveCfg = Debug|x64
		{FED60DCA-F031-3884-9EB0-AE634E383F73}.Release|x64.ActiveCfg = Release|x64
		{FED60DCA-F031-3884-9EB0-AE634E383F73}.MinSizeRel|x64.ActiveCfg = MinSizeRel|x64
		{FED60DCA-F031-3884-9EB0-AE634E383F73}.RelWithDebInfo|x64.ActiveCfg = RelWithDebInfo|x64
		{9A773ADF-A3EF-3C9F-8D26-A3929E8B552A}.Debug|x64.ActiveCfg = Debug|x64
		{9A773ADF-A3EF-3C9F-8D26-A3929E8B552A}.Release|x64.ActiveCfg = Release|x64
		{9A773ADF-A3EF-3C9F-8D26-A3929E8B552A}.MinSizeRel|x64.ActiveCfg = MinSizeRel|x64
		{9A773ADF-A3EF-3C9F-8D26-A3929E8B552A}.RelWithDebInfo|x64.ActiveCfg = RelWithDebInfo|x64
		{FBFE97D8-F5A5-3EC6-A679-5E6CE6455F84}.Debug|x64.ActiveCfg = Debug|x64
		{FBFE97D8-F5A5-3EC6-A679-5E6CE6455F84}.Release|x64.ActiveCfg = Release|x64
		{FBFE97D8-F5A5-3EC6-A679-5E6CE6455F84}.MinSizeRel|x64.ActiveCfg = MinSizeRel|x64
		{FBFE97D8-F5A5-3EC6-A679-5E6CE6455F84}.RelWithDebInfo|x64.ActiveCfg = RelWithDebInfo|x64
		{4E93AC67-77AB-3628-91C4-132BA2A12CEE}.Debug|x64.ActiveCfg = Debug|x64
		{4E93AC67-77AB-3628-91C4-132BA2A12CEE}.Release|x64.ActiveCfg = Release|x64
		{4E93AC67-77AB-3628-91C4-132BA2A12CEE}.MinSizeRel|x64.ActiveCfg = MinSizeRel|x64
		{4E93AC67-77AB-3628-91C4-132BA2A12CEE}.RelWithDebInfo|x64.ActiveCfg = RelWithDebInfo|x64
		{E17523D2-CDF1-377D-A3B3-FF774A30CDD2}.Debug|x64.ActiveCfg = Debug|x64
		{E17523D2-CDF1-377D-A3B3-FF774A30CDD2}.Debug|x64.Build.0 = Debug|x64
		{E17523D2-CDF1-377D-A3B3-FF774A30CDD2}.Release|x64.ActiveCfg = Release|x64
		{E17523D2-CDF1-377D-A3B3-FF774A30CDD2}.Release|x64.Build.0 = Release|x64
		{E17523D2-CDF1-377D-A3B3-FF774A30CDD2}.MinSizeRel|x64.ActiveCfg = MinSizeRel|x64
		{E17523D2-CDF1-377D-A3B3-FF774A30CDD2}.MinSizeRel|x64.Build.0 = MinSizeRel|x64
		{E17523D2-CDF1-377D-A3B3-FF774A30CDD2}.RelWithDebInfo|x64.ActiveCfg = RelWithDebInfo|x64
		{E17523D2-CDF1-377D-A3B3-FF774A30CDD2}.RelWithDebInfo|x64.Build.0 = RelWithDebInfo|x64
		{A428332F-B5BD-3D12-AE56-4236C30AC3F3}.Debug|x64.ActiveCfg = Debug|x64
		{A428332F-B5BD-3D12-AE56-4236C30AC3F3}.Debug|x64.Build.0 = Debug|x64
		{A428332F-B5BD-3D12-AE56-4236C30AC3F3}.Release|x64.ActiveCfg = Release|x64
		{A428332F-B5BD-3D12-AE56-4236C30AC3F3}.Release|x64.Build.0 = Release|x64
		{A428332F-B5BD-3D12-AE56-4236C30AC3F3}.MinSizeRel|x64.ActiveCfg = MinSizeRel|x64
		{A428332F-B5BD-3D12-AE56-4236C30AC3F3}.MinSizeRel|x64.Build.0 = MinSizeRel|x64
		{A428332F-B5BD-3D12-AE56-4236C30AC3F3}.RelWithDebInfo|x64.ActiveCfg = RelWithDebInfo|x64
		{A428332F-B5BD-3D12-AE56-4236C30AC3F3}.RelWithDebInfo|x64.Build.0 = RelWithDebInfo|x64
		{B6971B7A-7F4E-3919-82C3-3248A49A46C1}.Debug|x64.ActiveCfg = Debug|x64
		{B6971B7A-7F4E-3919-82C3-3248A49A46C1}.Debug|x64.Build.0 = Debug|x64
		{B6971B7A-7F4E-3919-82C3-3248A49A46C1}.Release|x64.ActiveCfg = Release|x64
		{B6971B7A-7F4E-3919-82C3-3248A49A46C1}.Release|x64.Build.0 = Release|x64
		{B6971B7A-7F4E-3919-82C3-3248A49A46C1}.MinSizeRel|x64.ActiveCfg = MinSizeRel|x64
		{B6971B7A-7F4E-3919-82C3-3248A49A46C1}.MinSizeRel|x64.Build.0 = MinSizeRel|x64
		{B6971B7A-7F4E-3919-82C3-3248A49A46C1}.RelWithDebInfo|x64.ActiveCfg = RelWithDebInfo|x64
		{B6971B7A-7F4E-3919-82C3-3248A49A46C1}.RelWithDebInfo|x64.Build.0 = RelWithDebInfo|x64
		{7C102685-4A3A-378C-971D-2B6F33EA30EF}.Debug|x64.ActiveCfg = Debug|x64
		{7C102685-4A3A-378C-971D-2B6F33EA30EF}.Debug|x64.Build.0 = Debug|x64
		{7C102685-4A3A-378C-971D-2B6F33EA30EF}.Release|x64.ActiveCfg = Release|x64
		{7C102685-4A3A-378C-971D-2B6F33EA30EF}.Release|x64.Build.0 = Release|x64
		{7C102685-4A3A-378C-971D-2B6F33EA30EF}.MinSizeRel|x64.ActiveCfg = MinSizeRel|x64
		{7C102685-4A3A-378C-971D-2B6F33EA30EF}.MinSizeRel|x64.Build.0 = MinSizeRel|x64
		{7C102685-4A3A-378C-971D-2B6F33EA30EF}.RelWithDebInfo|x64.ActiveCfg = RelWithDebInfo|x64
		{7C102685-4A3A-378C-971D-2B6F33EA30EF}.RelWithDebInfo|x64.Build.0 = RelWithDebInfo|x64
		{597237A0-CAF1-34C6-A314-DEE780A00927}.Debug|x64.ActiveCfg = Debug|x64
		{597237A0-CAF1-34C6-A314-DEE780A00927}.Debug|x64.Build.0 = Debug|x64
		{597237A0-CAF1-34C6-A314-DEE780A00927}.Release|x64.ActiveCfg = Release|x64
		{597237A0-CAF1-34C6-A314-DEE780A00927}.Release|x64.Build.0 = Release|x64
		{597237A0-CAF1-34C6-A314-DEE780A00927}.MinSizeRel|x64.ActiveCfg = MinSizeRel|x64
		{597237A0-CAF1-34C6-A314-DEE780A00927}.MinSizeRel|x64.Build.0 = MinSizeRel|x64
		{597237A0-CAF1-34C6-A314-DEE780A00927}.RelWithDebInfo|x64.ActiveCfg = RelWithDebInfo|x64
		{597237A0-CAF1-34C6-A314-DEE780A00927}.RelWithDebInfo|x64.Build.0 = RelWithDebInfo|x64
		{59E20238-1EC7-3BA5-9095-39F455620618}.Debug|x64.ActiveCfg = Debug|x64
		{59E20238-1EC7-3BA5-9095-39F455620618}.Debug|x64.Build.0 = Debug|x64
		{59E20238-1EC7-3BA5-9095-39F455620618}.Release|x64.ActiveCfg = Release|x64
		{59E20238-1EC7-3BA5-9095-39F455620618}.Release|x64.Build.0 = Release|x64
		{59E20238-1EC7-3BA5-9095-39F455620618}.MinSizeRel|x64.ActiveCfg = MinSizeRel|x64
		{59E20238-1EC7-3BA5-9095-39F455620618}.MinSizeRel|x64.Build.0 = MinSizeRel|x64
		{59E20238-1EC7-3BA5-9095-39F455620618}.RelWithDebInfo|x64.ActiveCfg = RelWithDebInfo|x64
		{59E20238-1EC7-3BA5-9095-39F455620618}.RelWithDebInfo|x64.Build.0 = RelWithDebInfo|x64
		{12D43861-450C-3D5E-9EDF-DFC199C57085}.Debug|x64.ActiveCfg = Debug|x64
		{12D43861-450C-3D5E-9EDF-DFC199C57085}.Debug|x64.Build.0 = Debug|x64
		{12D43861-450C-3D5E-9EDF-DFC199C57085}.Release|x64.ActiveCfg = Release|x64
		{12D43861-450C-3D5E-9EDF-DFC199C57085}.Release|x64.Build.0 = Release|x64
		{12D43861-450C-3D5E-9EDF-DFC199C57085}.MinSizeRel|x64.ActiveCfg = MinSizeRel|x64
		{12D43861-450C-3D5E-9EDF-DFC199C57085}.MinSizeRel|x64.Build.0 = MinSizeRel|x64
		{12D43861-450C-3D5E-9EDF-DFC199C57085}.RelWithDebInfo|x64.ActiveCfg = RelWithDebInfo|x64
		{12D43861-450C-3D5E-9EDF-DFC199C57085}.RelWithDebInfo|x64.Build.0 = RelWithDebInfo|x64
		{0385E153-A184-3A7C-B7C5-4A8D28D966E5}.Debug|x64.ActiveCfg = Debug|x64
		{0385E153-A184-3A7C-B7C5-4A8D28D966E5}.Debug|x64.Build.0 = Debug|x64
		{0385E153-A184-3A7C-B7C5-4A8D28D966E5}.Release|x64.ActiveCfg = Release|x64
		{0385E153-A184-3A7C-B7C5-4A8D28D966E5}.Release|x64.Build.0 = Release|x64
		{0385E153-A184-3A7C-B7C5-4A8D28D966E5}.MinSizeRel|x64.ActiveCfg = MinSizeRel|x64
		{0385E153-A184-3A7C-B7C5-4A8D28D966E5}.MinSizeRel|x64.Build.0 = MinSizeRel|x64
		{0385E153-A184-3A7C-B7C5-4A8D28D966E5}.RelWithDebInfo|x64.ActiveCfg = RelWithDebInfo|x64
		{0385E153-A184-3A7C-B7C5-4A8D28D966E5}.RelWithDebInfo|x64.Build.0 = RelWithDebInfo|x64
		{C27B35E8-C2F3-3E09-B217-1F6F9E1FAEC5}.Debug|x64.ActiveCfg = Debug|x64
		{C27B35E8-C2F3-3E09-B217-1F6F9E1FAEC5}.Debug|x64.Build.0 = Debug|x64
		{C27B35E8-C2F3-3E09-B217-1F6F9E1FAEC5}.Release|x64.ActiveCfg = Release|x64
		{C27B35E8-C2F3-3E09-B217-1F6F9E1FAEC5}.Release|x64.Build.0 = Release|x64
		{C27B35E8-C2F3-3E09-B217-1F6F9E1FAEC5}.MinSizeRel|x64.ActiveCfg = MinSizeRel|x64
		{C27B35E8-C2F3-3E09-B217-1F6F9E1FAEC5}.MinSizeRel|x64.Build.0 = MinSizeRel|x64
		{C27B35E8-C2F3-3E09-B217-1F6F9E1FAEC5}.RelWithDebInfo|x64.ActiveCfg = RelWithDebInfo|x64
		{C27B35E8-C2F3-3E09-B217-1F6F9E1FAEC5}.RelWithDebInfo|x64.Build.0 = RelWithDebInfo|x64
		{F6E9FBF0-BB68-3A52-A8B7-1A32DFDA4614}.Debug|x64.ActiveCfg = Debug|x64
		{F6E9FBF0-BB68-3A52-A8B7-1A32DFDA4614}.Debug|x64.Build.0 = Debug|x64
		{F6E9FBF0-BB68-3A52-A8B7-1A32DFDA4614}.Release|x64.ActiveCfg = Release|x64
		{F6E9FBF0-BB68-3A52-A8B7-1A32DFDA4614}.Release|x64.Build.0 = Release|x64
		{F6E9FBF0-BB68-3A52-A8B7-1A32DFDA4614}.MinSizeRel|x64.ActiveCfg = MinSizeRel|x64
		{F6E9FBF0-BB68-3A52-A8B7-1A32DFDA4614}.MinSizeRel|x64.Build.0 = MinSizeRel|x64
		{F6E9FBF0-BB68-3A52-A8B7-1A32DFDA4614}.RelWithDebInfo|x64.ActiveCfg = RelWithDebInfo|x64
		{F6E9FBF0-BB68-3A52-A8B7-1A32DFDA4614}.RelWithDebInfo|x64.Build.0 = RelWithDebInfo|x64
		{7FFF6FFF-1C39-304D-A252-589672A10869}.Debug|x64.ActiveCfg = Debug|x64
		{7FFF6FFF-1C39-304D-A252-589672A10869}.Debug|x64.Build.0 = Debug|x64
		{7FFF6FFF-1C39-304D-A252-589672A10869}.Release|x64.ActiveCfg = Release|x64
		{7FFF6FFF-1C39-304D-A252-589672A10869}.Release|x64.Build.0 = Release|x64
		{7FFF6FFF-1C39-304D-A252-589672A10869}.MinSizeRel|x64.ActiveCfg = MinSizeRel|x64
		{7FFF6FFF-1C39-304D-A252-589672A10869}.MinSizeRel|x64.Build.0 = MinSizeRel|x64
		{7FFF6FFF-1C39-304D-A252-589672A10869}.RelWithDebInfo|x64.ActiveCfg = RelWithDebInfo|x64
		{7FFF6FFF-1C39-304D-A252-589672A10869}.RelWithDebInfo|x64.Build.0 = RelWithDebInfo|x64
		{EB7AA86B-2700-392C-B1C8-DA6DF210D92F}.Debug|x64.ActiveCfg = Debug|x64
		{EB7AA86B-2700-392C-B1C8-DA6DF210D92F}.Debug|x64.Build.0 = Debug|x64
		{EB7AA86B-2700-392C-B1C8-DA6DF210D92F}.Release|x64.ActiveCfg = Release|x64
		{EB7AA86B-2700-392C-B1C8-DA6DF210D92F}.Release|x64.Build.0 = Release|x64
		{EB7AA86B-2700-392C-B1C8-DA6DF210D92F}.MinSizeRel|x64.ActiveCfg = MinSizeRel|x64
		{EB7AA86B-2700-392C-B1C8-DA6DF210D92F}.MinSizeRel|x64.Build.0 = MinSizeRel|x64
		{EB7AA86B-2700-392C-B1C8-DA6DF210D92F}.RelWithDebInfo|x64.ActiveCfg = RelWithDebInfo|x64
		{EB7AA86B-2700-392C-B1C8-DA6DF210D92F}.RelWithDebInfo|x64.Build.0 = RelWithDebInfo|x64
		{09897C2B-A8B4-37E0-80F6-8E376C8A77F1}.Debug|x64.ActiveCfg = Debug|x64
		{09897C2B-A8B4-37E0-80F6-8E376C8A77F1}.Debug|x64.Build.0 = Debug|x64
		{09897C2B-A8B4-37E0-80F6-8E376C8A77F1}.Release|x64.ActiveCfg = Release|x64
		{09897C2B-A8B4-37E0-80F6-8E376C8A77F1}.Release|x64.Build.0 = Release|x64
		{09897C2B-A8B4-37E0-80F6-8E376C8A77F1}.MinSizeRel|x64.ActiveCfg = MinSizeRel|x64
		{09897C2B-A8B4-37E0-80F6-8E376C8A77F1}.MinSizeRel|x64.Build.0 = MinSizeRel|x64
		{09897C2B-A8B4-37E0-80F6-8E376C8A77F1}.RelWithDebInfo|x64.ActiveCfg = RelWithDebInfo|x64
		{09897C2B-A8B4-37E0-80F6-8E376C8A77F1}.RelWithDebInfo|x64.Build.0 = RelWithDebInfo|x64
		{1C239A06-4C44-3435-8551-8DA7DCDE6C16}.Debug|x64.ActiveCfg = Debug|x64
		{1C239A06-4C44-3435-8551-8DA7DCDE6C16}.Debug|x64.Build.0 = Debug|x64
		{1C239A06-4C44-3435-8551-8DA7DCDE6C16}.Release|x64.ActiveCfg = Release|x64
		{1C239A06-4C44-3435-8551-8DA7DCDE6C16}.Release|x64.Build.0 = Release|x64
		{1C239A06-4C44-3435-8551-8DA7DCDE6C16}.MinSizeRel|x64.ActiveCfg = MinSizeRel|x64
		{1C239A06-4C44-3435-8551-8DA7DCDE6C16}.MinSizeRel|x64.Build.0 = MinSizeRel|x64
		{1C239A06-4C44-3435-8551-8DA7DCDE6C16}.RelWithDebInfo|x64.ActiveCfg = RelWithDebInfo|x64
		{1C239A06-4C44-3435-8551-8DA7DCDE6C16}.RelWithDebInfo|x64.Build.0 = RelWithDebInfo|x64
		{F4482E07-6611-3858-89B6-E511CA510789}.Debug|x64.ActiveCfg = Debug|x64
		{F4482E07-6611-3858-89B6-E511CA510789}.Debug|x64.Build.0 = Debug|x64
		{F4482E07-6611-3858-89B6-E511CA510789}.Release|x64.ActiveCfg = Release|x64
		{F4482E07-6611-3858-89B6-E511CA510789}.Release|x64.Build.0 = Release|x64
		{F4482E07-6611-3858-89B6-E511CA510789}.MinSizeRel|x64.ActiveCfg = MinSizeRel|x64
		{F4482E07-6611-3858-89B6-E511CA510789}.MinSizeRel|x64.Build.0 = MinSizeRel|x64
		{F4482E07-6611-3858-89B6-E511CA510789}.RelWithDebInfo|x64.ActiveCfg = RelWithDebInfo|x64
		{F4482E07-6611-3858-89B6-E511CA510789}.RelWithDebInfo|x64.Build.0 = RelWithDebInfo|x64
		{1DEE22B1-310D-3FD3-9D56-4C18C7B3E41A}.Debug|x64.ActiveCfg = Debug|x64
		{1DEE22B1-310D-3FD3-9D56-4C18C7B3E41A}.Debug|x64.Build.0 = Debug|x64
		{1DEE22B1-310D-3FD3-9D56-4C18C7B3E41A}.Release|x64.ActiveCfg = Release|x64
		{1DEE22B1-310D-3FD3-9D56-4C18C7B3E41A}.Release|x64.Build.0 = Release|x64
		{1DEE22B1-310D-3FD3-9D56-4C18C7B3E41A}.MinSizeRel|x64.ActiveCfg = MinSizeRel|x64
		{1DEE22B1-310D-3FD3-9D56-4C18C7B3E41A}.MinSizeRel|x64.Build.0 = MinSizeRel|x64
		{1DEE22B1-310D-3FD3-9D56-4C18C7B3E41A}.RelWithDebInfo|x64.ActiveCfg = RelWithDebInfo|x64
		{1DEE22B1-310D-3FD3-9D56-4C18C7B3E41A}.RelWithDebInfo|x64.Build.0 = RelWithDebInfo|x64
		{F2B96837-B63B-37CE-87A8-500F387B8C5C}.Debug|x64.ActiveCfg = Debug|x64
		{F2B96837-B63B-37CE-87A8-500F387B8C5C}.Debug|x64.Build.0 = Debug|x64
		{F2B96837-B63B-37CE-87A8-500F387B8C5C}.Release|x64.ActiveCfg = Release|x64
		{F2B96837-B63B-37CE-87A8-500F387B8C5C}.Release|x64.Build.0 = Release|x64
		{F2B96837-B63B-37CE-87A8-500F387B8C5C}.MinSizeRel|x64.ActiveCfg = MinSizeRel|x64
		{F2B96837-B63B-37CE-87A8-500F387B8C5C}.MinSizeRel|x64.Build.0 = MinSizeRel|x64
		{F2B96837-B63B-37CE-87A8-500F387B8C5C}.RelWithDebInfo|x64.ActiveCfg = RelWithDebInfo|x64
		{F2B96837-B63B-37CE-87A8-500F387B8C5C}.RelWithDebInfo|x64.Build.0 = RelWithDebInfo|x64
		{B68119BB-395C-3112-8CB8-7AAE5679F181}.Debug|x64.ActiveCfg = Debug|x64
		{B68119BB-395C-3112-8CB8-7AAE5679F181}.Debug|x64.Build.0 = Debug|x64
		{B68119BB-395C-3112-8CB8-7AAE5679F181}.Release|x64.ActiveCfg = Release|x64
		{B68119BB-395C-3112-8CB8-7AAE5679F181}.Release|x64.Build.0 = Release|x64
		{B68119BB-395C-3112-8CB8-7AAE5679F181}.MinSizeRel|x64.ActiveCfg = MinSizeRel|x64
		{B68119BB-395C-3112-8CB8-7AAE5679F181}.MinSizeRel|x64.Build.0 = MinSizeRel|x64
		{B68119BB-395C-3112-8CB8-7AAE5679F181}.RelWithDebInfo|x64.ActiveCfg = RelWithDebInfo|x64
		{B68119BB-395C-3112-8CB8-7AAE5679F181}.RelWithDebInfo|x64.Build.0 = RelWithDebInfo|x64
		{FDE40F11-FB45-31FD-ADFC-67CE10043324}.Debug|x64.ActiveCfg = Debug|x64
		{FDE40F11-FB45-31FD-ADFC-67CE10043324}.Debug|x64.Build.0 = Debug|x64
		{FDE40F11-FB45-31FD-ADFC-67CE10043324}.Release|x64.ActiveCfg = Release|x64
		{FDE40F11-FB45-31FD-ADFC-67CE10043324}.Release|x64.Build.0 = Release|x64
		{FDE40F11-FB45-31FD-ADFC-67CE10043324}.MinSizeRel|x64.ActiveCfg = MinSizeRel|x64
		{FDE40F11-FB45-31FD-ADFC-67CE10043324}.MinSizeRel|x64.Build.0 = MinSizeRel|x64
		{FDE40F11-FB45-31FD-ADFC-67CE10043324}.RelWithDebInfo|x64.ActiveCfg = RelWithDebInfo|x64
		{FDE40F11-FB45-31FD-ADFC-67CE10043324}.RelWithDebInfo|x64.Build.0 = RelWithDebInfo|x64
		{08E194FE-8AD8-3902-85C1-8767DC759B6D}.Debug|x64.ActiveCfg = Debug|x64
		{08E194FE-8AD8-3902-85C1-8767DC759B6D}.Debug|x64.Build.0 = Debug|x64
		{08E194FE-8AD8-3902-85C1-8767DC759B6D}.Release|x64.ActiveCfg = Release|x64
		{08E194FE-8AD8-3902-85C1-8767DC759B6D}.Release|x64.Build.0 = Release|x64
		{08E194FE-8AD8-3902-85C1-8767DC759B6D}.MinSizeRel|x64.ActiveCfg = MinSizeRel|x64
		{08E194FE-8AD8-3902-85C1-8767DC759B6D}.MinSizeRel|x64.Build.0 = MinSizeRel|x64
		{08E194FE-8AD8-3902-85C1-8767DC759B6D}.RelWithDebInfo|x64.ActiveCfg = RelWithDebInfo|x64
		{08E194FE-8AD8-3902-85C1-8767DC759B6D}.RelWithDebInfo|x64.Build.0 = RelWithDebInfo|x64
		{713BE56D-5C17-3E6C-9706-5E377A7A2B48}.Debug|x64.ActiveCfg = Debug|x64
		{713BE56D-5C17-3E6C-9706-5E377A7A2B48}.Debug|x64.Build.0 = Debug|x64
		{713BE56D-5C17-3E6C-9706-5E377A7A2B48}.Release|x64.ActiveCfg = Release|x64
		{713BE56D-5C17-3E6C-9706-5E377A7A2B48}.Release|x64.Build.0 = Release|x64
		{713BE56D-5C17-3E6C-9706-5E377A7A2B48}.MinSizeRel|x64.ActiveCfg = MinSizeRel|x64
		{713BE56D-5C17-3E6C-9706-5E377A7A2B48}.MinSizeRel|x64.Build.0 = MinSizeRel|x64
		{713BE56D-5C17-3E6C-9706-5E377A7A2B48}.RelWithDebInfo|x64.ActiveCfg = RelWithDebInfo|x64
		{713BE56D-5C17-3E6C-9706-5E377A7A2B48}.RelWithDebInfo|x64.Build.0 = RelWithDebInfo|x64
		{60D0A1EB-6D5D-36CF-8A95-42458BD41C5D}.Debug|x64.ActiveCfg = Debug|x64
		{60D0A1EB-6D5D-36CF-8A95-42458BD41C5D}.Debug|x64.Build.0 = Debug|x64
		{60D0A1EB-6D5D-36CF-8A95-42458BD41C5D}.Release|x64.ActiveCfg = Release|x64
		{60D0A1EB-6D5D-36CF-8A95-42458BD41C5D}.Release|x64.Build.0 = Release|x64
		{60D0A1EB-6D5D-36CF-8A95-42458BD41C5D}.MinSizeRel|x64.ActiveCfg = MinSizeRel|x64
		{60D0A1EB-6D5D-36CF-8A95-42458BD41C5D}.MinSizeRel|x64.Build.0 = MinSizeRel|x64
		{60D0A1EB-6D5D-36CF-8A95-42458BD41C5D}.RelWithDebInfo|x64.ActiveCfg = RelWithDebInfo|x64
		{60D0A1EB-6D5D-36CF-8A95-42458BD41C5D}.RelWithDebInfo|x64.Build.0 = RelWithDebInfo|x64
		{CB17485C-9412-37F0-A117-48DE4AD90E84}.Debug|x64.ActiveCfg = Debug|x64
		{CB17485C-9412-37F0-A117-48DE4AD90E84}.Debug|x64.Build.0 = Debug|x64
		{CB17485C-9412-37F0-A117-48DE4AD90E84}.Release|x64.ActiveCfg = Release|x64
		{CB17485C-9412-37F0-A117-48DE4AD90E84}.Release|x64.Build.0 = Release|x64
		{CB17485C-9412-37F0-A117-48DE4AD90E84}.MinSizeRel|x64.ActiveCfg = MinSizeRel|x64
		{CB17485C-9412-37F0-A117-48DE4AD90E84}.MinSizeRel|x64.Build.0 = MinSizeRel|x64
		{CB17485C-9412-37F0-A117-48DE4AD90E84}.RelWithDebInfo|x64.ActiveCfg = RelWithDebInfo|x64
		{CB17485C-9412-37F0-A117-48DE4AD90E84}.RelWithDebInfo|x64.Build.0 = RelWithDebInfo|x64
		{AC7C170E-E270-3CAC-92D8-982E90BDD7AC}.Debug|x64.ActiveCfg = Debug|x64
		{AC7C170E-E270-3CAC-92D8-982E90BDD7AC}.Debug|x64.Build.0 = Debug|x64
		{AC7C170E-E270-3CAC-92D8-982E90BDD7AC}.Release|x64.ActiveCfg = Release|x64
		{AC7C170E-E270-3CAC-92D8-982E90BDD7AC}.Release|x64.Build.0 = Release|x64
		{AC7C170E-E270-3CAC-92D8-982E90BDD7AC}.MinSizeRel|x64.ActiveCfg = MinSizeRel|x64
		{AC7C170E-E270-3CAC-92D8-982E90BDD7AC}.MinSizeRel|x64.Build.0 = MinSizeRel|x64
		{AC7C170E-E270-3CAC-92D8-982E90BDD7AC}.RelWithDebInfo|x64.ActiveCfg = RelWithDebInfo|x64
		{AC7C170E-E270-3CAC-92D8-982E90BDD7AC}.RelWithDebInfo|x64.Build.0 = RelWithDebInfo|x64
		{8B680088-46C9-3485-B3B5-2B88A47C70C9}.Debug|x64.ActiveCfg = Debug|x64
		{8B680088-46C9-3485-B3B5-2B88A47C70C9}.Debug|x64.Build.0 = Debug|x64
		{8B680088-46C9-3485-B3B5-2B88A47C70C9}.Release|x64.ActiveCfg = Release|x64
		{8B680088-46C9-3485-B3B5-2B88A47C70C9}.Release|x64.Build.0 = Release|x64
		{8B680088-46C9-3485-B3B5-2B88A47C70C9}.MinSizeRel|x64.ActiveCfg = MinSizeRel|x64
		{8B680088-46C9-3485-B3B5-2B88A47C70C9}.MinSizeRel|x64.Build.0 = MinSizeRel|x64
		{8B680088-46C9-3485-B3B5-2B88A47C70C9}.RelWithDebInfo|x64.ActiveCfg = RelWithDebInfo|x64
		{8B680088-46C9-3485-B3B5-2B88A47C70C9}.RelWithDebInfo|x64.Build.0 = RelWithDebInfo|x64
		{94FE2894-CC3B-350F-9364-DD2F9B1F20EE}.Debug|x64.ActiveCfg = Debug|x64
		{94FE2894-CC3B-350F-9364-DD2F9B1F20EE}.Debug|x64.Build.0 = Debug|x64
		{94FE2894-CC3B-350F-9364-DD2F9B1F20EE}.Release|x64.ActiveCfg = Release|x64
		{94FE2894-CC3B-350F-9364-DD2F9B1F20EE}.Release|x64.Build.0 = Release|x64
		{94FE2894-CC3B-350F-9364-DD2F9B1F20EE}.MinSizeRel|x64.ActiveCfg = MinSizeRel|x64
		{94FE2894-CC3B-350F-9364-DD2F9B1F20EE}.MinSizeRel|x64.Build.0 = MinSizeRel|x64
		{94FE2894-CC3B-350F-9364-DD2F9B1F20EE}.RelWithDebInfo|x64.ActiveCfg = RelWithDebInfo|x64
		{94FE2894-CC3B-350F-9364-DD2F9B1F20EE}.RelWithDebInfo|x64.Build.0 = RelWithDebInfo|x64
		{FF7CEDE7-C374-37C1-9A69-97C9F528B55C}.Debug|x64.ActiveCfg = Debug|x64
		{FF7CEDE7-C374-37C1-9A69-97C9F528B55C}.Debug|x64.Build.0 = Debug|x64
		{FF7CEDE7-C374-37C1-9A69-97C9F528B55C}.Release|x64.ActiveCfg = Release|x64
		{FF7CEDE7-C374-37C1-9A69-97C9F528B55C}.Release|x64.Build.0 = Release|x64
		{FF7CEDE7-C374-37C1-9A69-97C9F528B55C}.MinSizeRel|x64.ActiveCfg = MinSizeRel|x64
		{FF7CEDE7-C374-37C1-9A69-97C9F528B55C}.MinSizeRel|x64.Build.0 = MinSizeRel|x64
		{FF7CEDE7-C374-37C1-9A69-97C9F528B55C}.RelWithDebInfo|x64.ActiveCfg = RelWithDebInfo|x64
		{FF7CEDE7-C374-37C1-9A69-97C9F528B55C}.RelWithDebInfo|x64.Build.0 = RelWithDebInfo|x64
		{0F52D2CF-9E84-3B49-A0DD-9CE56026AC8B}.Debug|x64.ActiveCfg = Debug|x64
		{0F52D2CF-9E84-3B49-A0DD-9CE56026AC8B}.Debug|x64.Build.0 = Debug|x64
		{0F52D2CF-9E84-3B49-A0DD-9CE56026AC8B}.Release|x64.ActiveCfg = Release|x64
		{0F52D2CF-9E84-3B49-A0DD-9CE56026AC8B}.Release|x64.Build.0 = Release|x64
		{0F52D2CF-9E84-3B49-A0DD-9CE56026AC8B}.MinSizeRel|x64.ActiveCfg = MinSizeRel|x64
		{0F52D2CF-9E84-3B49-A0DD-9CE56026AC8B}.MinSizeRel|x64.Build.0 = MinSizeRel|x64
		{0F52D2CF-9E84-3B49-A0DD-9CE56026AC8B}.RelWithDebInfo|x64.ActiveCfg = RelWithDebInfo|x64
		{0F52D2CF-9E84-3B49-A0DD-9CE56026AC8B}.RelWithDebInfo|x64.Build.0 = RelWithDebInfo|x64
		{579D8BF5-6E48-3E7D-A102-6668E4530701}.Debug|x64.ActiveCfg = Debug|x64
		{579D8BF5-6E48-3E7D-A102-6668E4530701}.Debug|x64.Build.0 = Debug|x64
		{579D8BF5-6E48-3E7D-A102-6668E4530701}.Release|x64.ActiveCfg = Release|x64
		{579D8BF5-6E48-3E7D-A102-6668E4530701}.Release|x64.Build.0 = Release|x64
		{579D8BF5-6E48-3E7D-A102-6668E4530701}.MinSizeRel|x64.ActiveCfg = MinSizeRel|x64
		{579D8BF5-6E48-3E7D-A102-6668E4530701}.MinSizeRel|x64.Build.0 = MinSizeRel|x64
		{579D8BF5-6E48-3E7D-A102-6668E4530701}.RelWithDebInfo|x64.ActiveCfg = RelWithDebInfo|x64
		{579D8BF5-6E48-3E7D-A102-6668E4530701}.RelWithDebInfo|x64.Build.0 = RelWithDebInfo|x64
		{F1B35883-3F1B-34C6-8C58-E12DFD9E13B0}.Debug|x64.ActiveCfg = Debug|x64
		{F1B35883-3F1B-34C6-8C58-E12DFD9E13B0}.Debug|x64.Build.0 = Debug|x64
		{F1B35883-3F1B-34C6-8C58-E12DFD9E13B0}.Release|x64.ActiveCfg = Release|x64
		{F1B35883-3F1B-34C6-8C58-E12DFD9E13B0}.Release|x64.Build.0 = Release|x64
		{F1B35883-3F1B-34C6-8C58-E12DFD9E13B0}.MinSizeRel|x64.ActiveCfg = MinSizeRel|x64
		{F1B35883-3F1B-34C6-8C58-E12DFD9E13B0}.MinSizeRel|x64.Build.0 = MinSizeRel|x64
		{F1B35883-3F1B-34C6-8C58-E12DFD9E13B0}.RelWithDebInfo|x64.ActiveCfg = RelWithDebInfo|x64
		{F1B35883-3F1B-34C6-8C58-E12DFD9E13B0}.RelWithDebInfo|x64.Build.0 = RelWithDebInfo|x64
		{48EEFC90-FA5F-3FEC-BA71-A0BC9A53451E}.Debug|x64.ActiveCfg = Debug|x64
		{48EEFC90-FA5F-3FEC-BA71-A0BC9A53451E}.Debug|x64.Build.0 = Debug|x64
		{48EEFC90-FA5F-3FEC-BA71-A0BC9A53451E}.Release|x64.ActiveCfg = Release|x64
		{48EEFC90-FA5F-3FEC-BA71-A0BC9A53451E}.Release|x64.Build.0 = Release|x64
		{48EEFC90-FA5F-3FEC-BA71-A0BC9A53451E}.MinSizeRel|x64.ActiveCfg = MinSizeRel|x64
		{48EEFC90-FA5F-3FEC-BA71-A0BC9A53451E}.MinSizeRel|x64.Build.0 = MinSizeRel|x64
		{48EEFC90-FA5F-3FEC-BA71-A0BC9A53451E}.RelWithDebInfo|x64.ActiveCfg = RelWithDebInfo|x64
		{48EEFC90-FA5F-3FEC-BA71-A0BC9A53451E}.RelWithDebInfo|x64.Build.0 = RelWithDebInfo|x64
		{3514E52E-E4DB-37B3-914A-F2093F15B016}.Debug|x64.ActiveCfg = Debug|x64
		{3514E52E-E4DB-37B3-914A-F2093F15B016}.Debug|x64.Build.0 = Debug|x64
		{3514E52E-E4DB-37B3-914A-F2093F15B016}.Release|x64.ActiveCfg = Release|x64
		{3514E52E-E4DB-37B3-914A-F2093F15B016}.Release|x64.Build.0 = Release|x64
		{3514E52E-E4DB-37B3-914A-F2093F15B016}.MinSizeRel|x64.ActiveCfg = MinSizeRel|x64
		{3514E52E-E4DB-37B3-914A-F2093F15B016}.MinSizeRel|x64.Build.0 = MinSizeRel|x64
		{3514E52E-E4DB-37B3-914A-F2093F15B016}.RelWithDebInfo|x64.ActiveCfg = RelWithDebInfo|x64
		{3514E52E-E4DB-37B3-914A-F2093F15B016}.RelWithDebInfo|x64.Build.0 = RelWithDebInfo|x64
		{ED016F98-EBF2-32AB-A934-EA71D2E22707}.Debug|x64.ActiveCfg = Debug|x64
		{ED016F98-EBF2-32AB-A934-EA71D2E22707}.Debug|x64.Build.0 = Debug|x64
		{ED016F98-EBF2-32AB-A934-EA71D2E22707}.Release|x64.ActiveCfg = Release|x64
		{ED016F98-EBF2-32AB-A934-EA71D2E22707}.Release|x64.Build.0 = Release|x64
		{ED016F98-EBF2-32AB-A934-EA71D2E22707}.MinSizeRel|x64.ActiveCfg = MinSizeRel|x64
		{ED016F98-EBF2-32AB-A934-EA71D2E22707}.MinSizeRel|x64.Build.0 = MinSizeRel|x64
		{ED016F98-EBF2-32AB-A934-EA71D2E22707}.RelWithDebInfo|x64.ActiveCfg = RelWithDebInfo|x64
		{ED016F98-EBF2-32AB-A934-EA71D2E22707}.RelWithDebInfo|x64.Build.0 = RelWithDebInfo|x64
		{8750672A-1B4E-39E0-BAED-BEB83AC34C89}.Debug|x64.ActiveCfg = Debug|x64
		{8750672A-1B4E-39E0-BAED-BEB83AC34C89}.Debug|x64.Build.0 = Debug|x64
		{8750672A-1B4E-39E0-BAED-BEB83AC34C89}.Release|x64.ActiveCfg = Release|x64
		{8750672A-1B4E-39E0-BAED-BEB83AC34C89}.Release|x64.Build.0 = Release|x64
		{8750672A-1B4E-39E0-BAED-BEB83AC34C89}.MinSizeRel|x64.ActiveCfg = MinSizeRel|x64
		{8750672A-1B4E-39E0-BAED-BEB83AC34C89}.MinSizeRel|x64.Build.0 = MinSizeRel|x64
		{8750672A-1B4E-39E0-BAED-BEB83AC34C89}.RelWithDebInfo|x64.ActiveCfg = RelWithDebInfo|x64
		{8750672A-1B4E-39E0-BAED-BEB83AC34C89}.RelWithDebInfo|x64.Build.0 = RelWithDebInfo|x64
		{5AA4571D-0E10-33A3-BECE-72B15FE28F14}.Debug|x64.ActiveCfg = Debug|x64
		{5AA4571D-0E10-33A3-BECE-72B15FE28F14}.Debug|x64.Build.0 = Debug|x64
		{5AA4571D-0E10-33A3-BECE-72B15FE28F14}.Release|x64.ActiveCfg = Release|x64
		{5AA4571D-0E10-33A3-BECE-72B15FE28F14}.Release|x64.Build.0 = Release|x64
		{5AA4571D-0E10-33A3-BECE-72B15FE28F14}.MinSizeRel|x64.ActiveCfg = MinSizeRel|x64
		{5AA4571D-0E10-33A3-BECE-72B15FE28F14}.MinSizeRel|x64.Build.0 = MinSizeRel|x64
		{5AA4571D-0E10-33A3-BECE-72B15FE28F14}.RelWithDebInfo|x64.ActiveCfg = RelWithDebInfo|x64
		{5AA4571D-0E10-33A3-BECE-72B15FE28F14}.RelWithDebInfo|x64.Build.0 = RelWithDebInfo|x64
		{4693ED7C-98C6-31BF-A9EF-D7146F1B3FFA}.Debug|x64.ActiveCfg = Debug|x64
		{4693ED7C-98C6-31BF-A9EF-D7146F1B3FFA}.Debug|x64.Build.0 = Debug|x64
		{4693ED7C-98C6-31BF-A9EF-D7146F1B3FFA}.Release|x64.ActiveCfg = Release|x64
		{4693ED7C-98C6-31BF-A9EF-D7146F1B3FFA}.Release|x64.Build.0 = Release|x64
		{4693ED7C-98C6-31BF-A9EF-D7146F1B3FFA}.MinSizeRel|x64.ActiveCfg = MinSizeRel|x64
		{4693ED7C-98C6-31BF-A9EF-D7146F1B3FFA}.MinSizeRel|x64.Build.0 = MinSizeRel|x64
		{4693ED7C-98C6-31BF-A9EF-D7146F1B3FFA}.RelWithDebInfo|x64.ActiveCfg = RelWithDebInfo|x64
		{4693ED7C-98C6-31BF-A9EF-D7146F1B3FFA}.RelWithDebInfo|x64.Build.0 = RelWithDebInfo|x64
		{D606D193-4743-3C9F-8D5C-2B848A476D0D}.Debug|x64.ActiveCfg = Debug|x64
		{D606D193-4743-3C9F-8D5C-2B848A476D0D}.Debug|x64.Build.0 = Debug|x64
		{D606D193-4743-3C9F-8D5C-2B848A476D0D}.Release|x64.ActiveCfg = Release|x64
		{D606D193-4743-3C9F-8D5C-2B848A476D0D}.Release|x64.Build.0 = Release|x64
		{D606D193-4743-3C9F-8D5C-2B848A476D0D}.MinSizeRel|x64.ActiveCfg = MinSizeRel|x64
		{D606D193-4743-3C9F-8D5C-2B848A476D0D}.MinSizeRel|x64.Build.0 = MinSizeRel|x64
		{D606D193-4743-3C9F-8D5C-2B848A476D0D}.RelWithDebInfo|x64.ActiveCfg = RelWithDebInfo|x64
		{D606D193-4743-3C9F-8D5C-2B848A476D0D}.RelWithDebInfo|x64.Build.0 = RelWithDebInfo|x64
		{08EFB18E-F75A-3A8D-8628-10EB4C5C18E1}.Debug|x64.ActiveCfg = Debug|x64
		{08EFB18E-F75A-3A8D-8628-10EB4C5C18E1}.Debug|x64.Build.0 = Debug|x64
		{08EFB18E-F75A-3A8D-8628-10EB4C5C18E1}.Release|x64.ActiveCfg = Release|x64
		{08EFB18E-F75A-3A8D-8628-10EB4C5C18E1}.Release|x64.Build.0 = Release|x64
		{08EFB18E-F75A-3A8D-8628-10EB4C5C18E1}.MinSizeRel|x64.ActiveCfg = MinSizeRel|x64
		{08EFB18E-F75A-3A8D-8628-10EB4C5C18E1}.MinSizeRel|x64.Build.0 = MinSizeRel|x64
		{08EFB18E-F75A-3A8D-8628-10EB4C5C18E1}.RelWithDebInfo|x64.ActiveCfg = RelWithDebInfo|x64
		{08EFB18E-F75A-3A8D-8628-10EB4C5C18E1}.RelWithDebInfo|x64.Build.0 = RelWithDebInfo|x64
		{658BE893-DF42-30F3-B7FA-E1E84F4752A8}.Debug|x64.ActiveCfg = Debug|x64
		{658BE893-DF42-30F3-B7FA-E1E84F4752A8}.Debug|x64.Build.0 = Debug|x64
		{658BE893-DF42-30F3-B7FA-E1E84F4752A8}.Release|x64.ActiveCfg = Release|x64
		{658BE893-DF42-30F3-B7FA-E1E84F4752A8}.Release|x64.Build.0 = Release|x64
		{658BE893-DF42-30F3-B7FA-E1E84F4752A8}.MinSizeRel|x64.ActiveCfg = MinSizeRel|x64
		{658BE893-DF42-30F3-B7FA-E1E84F4752A8}.MinSizeRel|x64.Build.0 = MinSizeRel|x64
		{658BE893-DF42-30F3-B7FA-E1E84F4752A8}.RelWithDebInfo|x64.ActiveCfg = RelWithDebInfo|x64
		{658BE893-DF42-30F3-B7FA-E1E84F4752A8}.RelWithDebInfo|x64.Build.0 = RelWithDebInfo|x64
		{D3F8AF86-B517-3488-8E34-AFB14D31AA7D}.Debug|x64.ActiveCfg = Debug|x64
		{D3F8AF86-B517-3488-8E34-AFB14D31AA7D}.Debug|x64.Build.0 = Debug|x64
		{D3F8AF86-B517-3488-8E34-AFB14D31AA7D}.Release|x64.ActiveCfg = Release|x64
		{D3F8AF86-B517-3488-8E34-AFB14D31AA7D}.Release|x64.Build.0 = Release|x64
		{D3F8AF86-B517-3488-8E34-AFB14D31AA7D}.MinSizeRel|x64.ActiveCfg = MinSizeRel|x64
		{D3F8AF86-B517-3488-8E34-AFB14D31AA7D}.MinSizeRel|x64.Build.0 = MinSizeRel|x64
		{D3F8AF86-B517-3488-8E34-AFB14D31AA7D}.RelWithDebInfo|x64.ActiveCfg = RelWithDebInfo|x64
		{D3F8AF86-B517-3488-8E34-AFB14D31AA7D}.RelWithDebInfo|x64.Build.0 = RelWithDebInfo|x64
		{54131B21-7E02-3AC0-A66C-36D86E4ED9A7}.Debug|x64.ActiveCfg = Debug|x64
		{54131B21-7E02-3AC0-A66C-36D86E4ED9A7}.Debug|x64.Build.0 = Debug|x64
		{54131B21-7E02-3AC0-A66C-36D86E4ED9A7}.Release|x64.ActiveCfg = Release|x64
		{54131B21-7E02-3AC0-A66C-36D86E4ED9A7}.Release|x64.Build.0 = Release|x64
		{54131B21-7E02-3AC0-A66C-36D86E4ED9A7}.MinSizeRel|x64.ActiveCfg = MinSizeRel|x64
		{54131B21-7E02-3AC0-A66C-36D86E4ED9A7}.MinSizeRel|x64.Build.0 = MinSizeRel|x64
		{54131B21-7E02-3AC0-A66C-36D86E4ED9A7}.RelWithDebInfo|x64.ActiveCfg = RelWithDebInfo|x64
		{54131B21-7E02-3AC0-A66C-36D86E4ED9A7}.RelWithDebInfo|x64.Build.0 = RelWithDebInfo|x64
		{B2B3399E-3FB2-34E2-8955-EE11A3924C1D}.Debug|x64.ActiveCfg = Debug|x64
		{B2B3399E-3FB2-34E2-8955-EE11A3924C1D}.Debug|x64.Build.0 = Debug|x64
		{B2B3399E-3FB2-34E2-8955-EE11A3924C1D}.Release|x64.ActiveCfg = Release|x64
		{B2B3399E-3FB2-34E2-8955-EE11A3924C1D}.Release|x64.Build.0 = Release|x64
		{B2B3399E-3FB2-34E2-8955-EE11A3924C1D}.MinSizeRel|x64.ActiveCfg = MinSizeRel|x64
		{B2B3399E-3FB2-34E2-8955-EE11A3924C1D}.MinSizeRel|x64.Build.0 = MinSizeRel|x64
		{B2B3399E-3FB2-34E2-8955-EE11A3924C1D}.RelWithDebInfo|x64.ActiveCfg = RelWithDebInfo|x64
		{B2B3399E-3FB2-34E2-8955-EE11A3924C1D}.RelWithDebInfo|x64.Build.0 = RelWithDebInfo|x64
		{7093D564-563B-331A-8935-981450B11D58}.Debug|x64.ActiveCfg = Debug|x64
		{7093D564-563B-331A-8935-981450B11D58}.Debug|x64.Build.0 = Debug|x64
		{7093D564-563B-331A-8935-981450B11D58}.Release|x64.ActiveCfg = Release|x64
		{7093D564-563B-331A-8935-981450B11D58}.Release|x64.Build.0 = Release|x64
		{7093D564-563B-331A-8935-981450B11D58}.MinSizeRel|x64.ActiveCfg = MinSizeRel|x64
		{7093D564-563B-331A-8935-981450B11D58}.MinSizeRel|x64.Build.0 = MinSizeRel|x64
		{7093D564-563B-331A-8935-981450B11D58}.RelWithDebInfo|x64.ActiveCfg = RelWithDebInfo|x64
		{7093D564-563B-331A-8935-981450B11D58}.RelWithDebInfo|x64.Build.0 = RelWithDebInfo|x64
		{FC2B8555-E549-3429-912E-4BCFBA45B89A}.Debug|x64.ActiveCfg = Debug|x64
		{FC2B8555-E549-3429-912E-4BCFBA45B89A}.Debug|x64.Build.0 = Debug|x64
		{FC2B8555-E549-3429-912E-4BCFBA45B89A}.Release|x64.ActiveCfg = Release|x64
		{FC2B8555-E549-3429-912E-4BCFBA45B89A}.Release|x64.Build.0 = Release|x64
		{FC2B8555-E549-3429-912E-4BCFBA45B89A}.MinSizeRel|x64.ActiveCfg = MinSizeRel|x64
		{FC2B8555-E549-3429-912E-4BCFBA45B89A}.MinSizeRel|x64.Build.0 = MinSizeRel|x64
		{FC2B8555-E549-3429-912E-4BCFBA45B89A}.RelWithDebInfo|x64.ActiveCfg = RelWithDebInfo|x64
		{FC2B8555-E549-3429-912E-4BCFBA45B89A}.RelWithDebInfo|x64.Build.0 = RelWithDebInfo|x64
		{EB272AF6-AF37-359F-A88A-10C496ECB66B}.Debug|x64.ActiveCfg = Debug|x64
		{EB272AF6-AF37-359F-A88A-10C496ECB66B}.Debug|x64.Build.0 = Debug|x64
		{EB272AF6-AF37-359F-A88A-10C496ECB66B}.Release|x64.ActiveCfg = Release|x64
		{EB272AF6-AF37-359F-A88A-10C496ECB66B}.Release|x64.Build.0 = Release|x64
		{EB272AF6-AF37-359F-A88A-10C496ECB66B}.MinSizeRel|x64.ActiveCfg = MinSizeRel|x64
		{EB272AF6-AF37-359F-A88A-10C496ECB66B}.MinSizeRel|x64.Build.0 = MinSizeRel|x64
		{EB272AF6-AF37-359F-A88A-10C496ECB66B}.RelWithDebInfo|x64.ActiveCfg = RelWithDebInfo|x64
		{EB272AF6-AF37-359F-A88A-10C496ECB66B}.RelWithDebInfo|x64.Build.0 = RelWithDebInfo|x64
		{D6D27152-81FB-368F-B1B6-0E0F0763C976}.Debug|x64.ActiveCfg = Debug|x64
		{D6D27152-81FB-368F-B1B6-0E0F0763C976}.Debug|x64.Build.0 = Debug|x64
		{D6D27152-81FB-368F-B1B6-0E0F0763C976}.Release|x64.ActiveCfg = Release|x64
		{D6D27152-81FB-368F-B1B6-0E0F0763C976}.Release|x64.Build.0 = Release|x64
		{D6D27152-81FB-368F-B1B6-0E0F0763C976}.MinSizeRel|x64.ActiveCfg = MinSizeRel|x64
		{D6D27152-81FB-368F-B1B6-0E0F0763C976}.MinSizeRel|x64.Build.0 = MinSizeRel|x64
		{D6D27152-81FB-368F-B1B6-0E0F0763C976}.RelWithDebInfo|x64.ActiveCfg = RelWithDebInfo|x64
		{D6D27152-81FB-368F-B1B6-0E0F0763C976}.RelWithDebInfo|x64.Build.0 = RelWithDebInfo|x64
		{7F339C88-2995-3F68-8940-7EEC596AAA65}.Debug|x64.ActiveCfg = Debug|x64
		{7F339C88-2995-3F68-8940-7EEC596AAA65}.Debug|x64.Build.0 = Debug|x64
		{7F339C88-2995-3F68-8940-7EEC596AAA65}.Release|x64.ActiveCfg = Release|x64
		{7F339C88-2995-3F68-8940-7EEC596AAA65}.Release|x64.Build.0 = Release|x64
		{7F339C88-2995-3F68-8940-7EEC596AAA65}.MinSizeRel|x64.ActiveCfg = MinSizeRel|x64
		{7F339C88-2995-3F68-8940-7EEC596AAA65}.MinSizeRel|x64.Build.0 = MinSizeRel|x64
		{7F339C88-2995-3F68-8940-7EEC596AAA65}.RelWithDebInfo|x64.ActiveCfg = RelWithDebInfo|x64
		{7F339C88-2995-3F68-8940-7EEC596AAA65}.RelWithDebInfo|x64.Build.0 = RelWithDebInfo|x64
		{81930392-B1CE-380F-893E-E6EAA0F28F68}.Debug|x64.ActiveCfg = Debug|x64
		{81930392-B1CE-380F-893E-E6EAA0F28F68}.Debug|x64.Build.0 = Debug|x64
		{81930392-B1CE-380F-893E-E6EAA0F28F68}.Release|x64.ActiveCfg = Release|x64
		{81930392-B1CE-380F-893E-E6EAA0F28F68}.Release|x64.Build.0 = Release|x64
		{81930392-B1CE-380F-893E-E6EAA0F28F68}.MinSizeRel|x64.ActiveCfg = MinSizeRel|x64
		{81930392-B1CE-380F-893E-E6EAA0F28F68}.MinSizeRel|x64.Build.0 = MinSizeRel|x64
		{81930392-B1CE-380F-893E-E6EAA0F28F68}.RelWithDebInfo|x64.ActiveCfg = RelWithDebInfo|x64
		{81930392-B1CE-380F-893E-E6EAA0F28F68}.RelWithDebInfo|x64.Build.0 = RelWithDebInfo|x64
		{913F5E7D-E99F-37D3-AFB1-081C29C3AB6B}.Debug|x64.ActiveCfg = Debug|x64
		{913F5E7D-E99F-37D3-AFB1-081C29C3AB6B}.Debug|x64.Build.0 = Debug|x64
		{913F5E7D-E99F-37D3-AFB1-081C29C3AB6B}.Release|x64.ActiveCfg = Release|x64
		{913F5E7D-E99F-37D3-AFB1-081C29C3AB6B}.Release|x64.Build.0 = Release|x64
		{913F5E7D-E99F-37D3-AFB1-081C29C3AB6B}.MinSizeRel|x64.ActiveCfg = MinSizeRel|x64
		{913F5E7D-E99F-37D3-AFB1-081C29C3AB6B}.MinSizeRel|x64.Build.0 = MinSizeRel|x64
		{913F5E7D-E99F-37D3-AFB1-081C29C3AB6B}.RelWithDebInfo|x64.ActiveCfg = RelWithDebInfo|x64
		{913F5E7D-E99F-37D3-AFB1-081C29C3AB6B}.RelWithDebInfo|x64.Build.0 = RelWithDebInfo|x64
		{BA0FA13A-5041-33CF-9F22-D2A316525BD8}.Debug|x64.ActiveCfg = Debug|x64
		{BA0FA13A-5041-33CF-9F22-D2A316525BD8}.Debug|x64.Build.0 = Debug|x64
		{BA0FA13A-5041-33CF-9F22-D2A316525BD8}.Release|x64.ActiveCfg = Release|x64
		{BA0FA13A-5041-33CF-9F22-D2A316525BD8}.Release|x64.Build.0 = Release|x64
		{BA0FA13A-5041-33CF-9F22-D2A316525BD8}.MinSizeRel|x64.ActiveCfg = MinSizeRel|x64
		{BA0FA13A-5041-33CF-9F22-D2A316525BD8}.MinSizeRel|x64.Build.0 = MinSizeRel|x64
		{BA0FA13A-5041-33CF-9F22-D2A316525BD8}.RelWithDebInfo|x64.ActiveCfg = RelWithDebInfo|x64
		{BA0FA13A-5041-33CF-9F22-D2A316525BD8}.RelWithDebInfo|x64.Build.0 = RelWithDebInfo|x64
		{50BC7603-5DB3-390E-AB57-F4117A079BCF}.Debug|x64.ActiveCfg = Debug|x64
		{50BC7603-5DB3-390E-AB57-F4117A079BCF}.Debug|x64.Build.0 = Debug|x64
		{50BC7603-5DB3-390E-AB57-F4117A079BCF}.Release|x64.ActiveCfg = Release|x64
		{50BC7603-5DB3-390E-AB57-F4117A079BCF}.Release|x64.Build.0 = Release|x64
		{50BC7603-5DB3-390E-AB57-F4117A079BCF}.MinSizeRel|x64.ActiveCfg = MinSizeRel|x64
		{50BC7603-5DB3-390E-AB57-F4117A079BCF}.MinSizeRel|x64.Build.0 = MinSizeRel|x64
		{50BC7603-5DB3-390E-AB57-F4117A079BCF}.RelWithDebInfo|x64.ActiveCfg = RelWithDebInfo|x64
		{50BC7603-5DB3-390E-AB57-F4117A079BCF}.RelWithDebInfo|x64.Build.0 = RelWithDebInfo|x64
		{1BF5DAC7-47C0-38D9-8B91-097F62718E30}.Debug|x64.ActiveCfg = Debug|x64
		{1BF5DAC7-47C0-38D9-8B91-097F62718E30}.Debug|x64.Build.0 = Debug|x64
		{1BF5DAC7-47C0-38D9-8B91-097F62718E30}.Release|x64.ActiveCfg = Release|x64
		{1BF5DAC7-47C0-38D9-8B91-097F62718E30}.Release|x64.Build.0 = Release|x64
		{1BF5DAC7-47C0-38D9-8B91-097F62718E30}.MinSizeRel|x64.ActiveCfg = MinSizeRel|x64
		{1BF5DAC7-47C0-38D9-8B91-097F62718E30}.MinSizeRel|x64.Build.0 = MinSizeRel|x64
		{1BF5DAC7-47C0-38D9-8B91-097F62718E30}.RelWithDebInfo|x64.ActiveCfg = RelWithDebInfo|x64
		{1BF5DAC7-47C0-38D9-8B91-097F62718E30}.RelWithDebInfo|x64.Build.0 = RelWithDebInfo|x64
		{5CEAF5BF-3CCF-31D5-9996-E14C703FB60C}.Debug|x64.ActiveCfg = Debug|x64
		{5CEAF5BF-3CCF-31D5-9996-E14C703FB60C}.Debug|x64.Build.0 = Debug|x64
		{5CEAF5BF-3CCF-31D5-9996-E14C703FB60C}.Release|x64.ActiveCfg = Release|x64
		{5CEAF5BF-3CCF-31D5-9996-E14C703FB60C}.Release|x64.Build.0 = Release|x64
		{5CEAF5BF-3CCF-31D5-9996-E14C703FB60C}.MinSizeRel|x64.ActiveCfg = MinSizeRel|x64
		{5CEAF5BF-3CCF-31D5-9996-E14C703FB60C}.MinSizeRel|x64.Build.0 = MinSizeRel|x64
		{5CEAF5BF-3CCF-31D5-9996-E14C703FB60C}.RelWithDebInfo|x64.ActiveCfg = RelWithDebInfo|x64
		{5CEAF5BF-3CCF-31D5-9996-E14C703FB60C}.RelWithDebInfo|x64.Build.0 = RelWithDebInfo|x64
		{77820B0F-25B4-30F8-840B-82288FB9F3E7}.Debug|x64.ActiveCfg = Debug|x64
		{77820B0F-25B4-30F8-840B-82288FB9F3E7}.Debug|x64.Build.0 = Debug|x64
		{77820B0F-25B4-30F8-840B-82288FB9F3E7}.Release|x64.ActiveCfg = Release|x64
		{77820B0F-25B4-30F8-840B-82288FB9F3E7}.Release|x64.Build.0 = Release|x64
		{77820B0F-25B4-30F8-840B-82288FB9F3E7}.MinSizeRel|x64.ActiveCfg = MinSizeRel|x64
		{77820B0F-25B4-30F8-840B-82288FB9F3E7}.MinSizeRel|x64.Build.0 = MinSizeRel|x64
		{77820B0F-25B4-30F8-840B-82288FB9F3E7}.RelWithDebInfo|x64.ActiveCfg = RelWithDebInfo|x64
		{77820B0F-25B4-30F8-840B-82288FB9F3E7}.RelWithDebInfo|x64.Build.0 = RelWithDebInfo|x64
		{78784A3B-23D1-3419-85C1-7E6C730F0BE0}.Debug|x64.ActiveCfg = Debug|x64
		{78784A3B-23D1-3419-85C1-7E6C730F0BE0}.Debug|x64.Build.0 = Debug|x64
		{78784A3B-23D1-3419-85C1-7E6C730F0BE0}.Release|x64.ActiveCfg = Release|x64
		{78784A3B-23D1-3419-85C1-7E6C730F0BE0}.Release|x64.Build.0 = Release|x64
		{78784A3B-23D1-3419-85C1-7E6C730F0BE0}.MinSizeRel|x64.ActiveCfg = MinSizeRel|x64
		{78784A3B-23D1-3419-85C1-7E6C730F0BE0}.MinSizeRel|x64.Build.0 = MinSizeRel|x64
		{78784A3B-23D1-3419-85C1-7E6C730F0BE0}.RelWithDebInfo|x64.ActiveCfg = RelWithDebInfo|x64
		{78784A3B-23D1-3419-85C1-7E6C730F0BE0}.RelWithDebInfo|x64.Build.0 = RelWithDebInfo|x64
		{93162EF7-BA97-3F6F-B751-181EC600D366}.Debug|x64.ActiveCfg = Debug|x64
		{93162EF7-BA97-3F6F-B751-181EC600D366}.Debug|x64.Build.0 = Debug|x64
		{93162EF7-BA97-3F6F-B751-181EC600D366}.Release|x64.ActiveCfg = Release|x64
		{93162EF7-BA97-3F6F-B751-181EC600D366}.Release|x64.Build.0 = Release|x64
		{93162EF7-BA97-3F6F-B751-181EC600D366}.MinSizeRel|x64.ActiveCfg = MinSizeRel|x64
		{93162EF7-BA97-3F6F-B751-181EC600D366}.MinSizeRel|x64.Build.0 = MinSizeRel|x64
		{93162EF7-BA97-3F6F-B751-181EC600D366}.RelWithDebInfo|x64.ActiveCfg = RelWithDebInfo|x64
		{93162EF7-BA97-3F6F-B751-181EC600D366}.RelWithDebInfo|x64.Build.0 = RelWithDebInfo|x64
		{4E6305BE-4A26-3226-A3C2-2D09867CE937}.Debug|x64.ActiveCfg = Debug|x64
		{4E6305BE-4A26-3226-A3C2-2D09867CE937}.Debug|x64.Build.0 = Debug|x64
		{4E6305BE-4A26-3226-A3C2-2D09867CE937}.Release|x64.ActiveCfg = Release|x64
		{4E6305BE-4A26-3226-A3C2-2D09867CE937}.Release|x64.Build.0 = Release|x64
		{4E6305BE-4A26-3226-A3C2-2D09867CE937}.MinSizeRel|x64.ActiveCfg = MinSizeRel|x64
		{4E6305BE-4A26-3226-A3C2-2D09867CE937}.MinSizeRel|x64.Build.0 = MinSizeRel|x64
		{4E6305BE-4A26-3226-A3C2-2D09867CE937}.RelWithDebInfo|x64.ActiveCfg = RelWithDebInfo|x64
		{4E6305BE-4A26-3226-A3C2-2D09867CE937}.RelWithDebInfo|x64.Build.0 = RelWithDebInfo|x64
		{B22E40B4-71BB-3A6C-A865-C435BE2224A6}.Debug|x64.ActiveCfg = Debug|x64
		{B22E40B4-71BB-3A6C-A865-C435BE2224A6}.Debug|x64.Build.0 = Debug|x64
		{B22E40B4-71BB-3A6C-A865-C435BE2224A6}.Release|x64.ActiveCfg = Release|x64
		{B22E40B4-71BB-3A6C-A865-C435BE2224A6}.Release|x64.Build.0 = Release|x64
		{B22E40B4-71BB-3A6C-A865-C435BE2224A6}.MinSizeRel|x64.ActiveCfg = MinSizeRel|x64
		{B22E40B4-71BB-3A6C-A865-C435BE2224A6}.MinSizeRel|x64.Build.0 = MinSizeRel|x64
		{B22E40B4-71BB-3A6C-A865-C435BE2224A6}.RelWithDebInfo|x64.ActiveCfg = RelWithDebInfo|x64
		{B22E40B4-71BB-3A6C-A865-C435BE2224A6}.RelWithDebInfo|x64.Build.0 = RelWithDebInfo|x64
		{BE9F46A1-08F5-3588-B725-49F0268B1964}.Debug|x64.ActiveCfg = Debug|x64
		{BE9F46A1-08F5-3588-B725-49F0268B1964}.Debug|x64.Build.0 = Debug|x64
		{BE9F46A1-08F5-3588-B725-49F0268B1964}.Release|x64.ActiveCfg = Release|x64
		{BE9F46A1-08F5-3588-B725-49F0268B1964}.Release|x64.Build.0 = Release|x64
		{BE9F46A1-08F5-3588-B725-49F0268B1964}.MinSizeRel|x64.ActiveCfg = MinSizeRel|x64
		{BE9F46A1-08F5-3588-B725-49F0268B1964}.MinSizeRel|x64.Build.0 = MinSizeRel|x64
		{BE9F46A1-08F5-3588-B725-49F0268B1964}.RelWithDebInfo|x64.ActiveCfg = RelWithDebInfo|x64
		{BE9F46A1-08F5-3588-B725-49F0268B1964}.RelWithDebInfo|x64.Build.0 = RelWithDebInfo|x64
		{3C642679-5887-3BB9-B1DC-2D55818451A6}.Debug|x64.ActiveCfg = Debug|x64
		{3C642679-5887-3BB9-B1DC-2D55818451A6}.Debug|x64.Build.0 = Debug|x64
		{3C642679-5887-3BB9-B1DC-2D55818451A6}.Release|x64.ActiveCfg = Release|x64
		{3C642679-5887-3BB9-B1DC-2D55818451A6}.Release|x64.Build.0 = Release|x64
		{3C642679-5887-3BB9-B1DC-2D55818451A6}.MinSizeRel|x64.ActiveCfg = MinSizeRel|x64
		{3C642679-5887-3BB9-B1DC-2D55818451A6}.MinSizeRel|x64.Build.0 = MinSizeRel|x64
		{3C642679-5887-3BB9-B1DC-2D55818451A6}.RelWithDebInfo|x64.ActiveCfg = RelWithDebInfo|x64
		{3C642679-5887-3BB9-B1DC-2D55818451A6}.RelWithDebInfo|x64.Build.0 = RelWithDebInfo|x64
		{7BD2ADDA-9A1A-370B-AE8B-C376F09C973C}.Debug|x64.ActiveCfg = Debug|x64
		{7BD2ADDA-9A1A-370B-AE8B-C376F09C973C}.Debug|x64.Build.0 = Debug|x64
		{7BD2ADDA-9A1A-370B-AE8B-C376F09C973C}.Release|x64.ActiveCfg = Release|x64
		{7BD2ADDA-9A1A-370B-AE8B-C376F09C973C}.Release|x64.Build.0 = Release|x64
		{7BD2ADDA-9A1A-370B-AE8B-C376F09C973C}.MinSizeRel|x64.ActiveCfg = MinSizeRel|x64
		{7BD2ADDA-9A1A-370B-AE8B-C376F09C973C}.MinSizeRel|x64.Build.0 = MinSizeRel|x64
		{7BD2ADDA-9A1A-370B-AE8B-C376F09C973C}.RelWithDebInfo|x64.ActiveCfg = RelWithDebInfo|x64
		{7BD2ADDA-9A1A-370B-AE8B-C376F09C973C}.RelWithDebInfo|x64.Build.0 = RelWithDebInfo|x64
		{8DD9AE11-BC68-3792-9E26-C9CF25870413}.Debug|x64.ActiveCfg = Debug|x64
		{8DD9AE11-BC68-3792-9E26-C9CF25870413}.Debug|x64.Build.0 = Debug|x64
		{8DD9AE11-BC68-3792-9E26-C9CF25870413}.Release|x64.ActiveCfg = Release|x64
		{8DD9AE11-BC68-3792-9E26-C9CF25870413}.Release|x64.Build.0 = Release|x64
		{8DD9AE11-BC68-3792-9E26-C9CF25870413}.MinSizeRel|x64.ActiveCfg = MinSizeRel|x64
		{8DD9AE11-BC68-3792-9E26-C9CF25870413}.MinSizeRel|x64.Build.0 = MinSizeRel|x64
		{8DD9AE11-BC68-3792-9E26-C9CF25870413}.RelWithDebInfo|x64.ActiveCfg = RelWithDebInfo|x64
		{8DD9AE11-BC68-3792-9E26-C9CF25870413}.RelWithDebInfo|x64.Build.0 = RelWithDebInfo|x64
		{0E3BDAFE-F094-32AC-BDF1-C2133D71FD26}.Debug|x64.ActiveCfg = Debug|x64
		{0E3BDAFE-F094-32AC-BDF1-C2133D71FD26}.Debug|x64.Build.0 = Debug|x64
		{0E3BDAFE-F094-32AC-BDF1-C2133D71FD26}.Release|x64.ActiveCfg = Release|x64
		{0E3BDAFE-F094-32AC-BDF1-C2133D71FD26}.Release|x64.Build.0 = Release|x64
		{0E3BDAFE-F094-32AC-BDF1-C2133D71FD26}.MinSizeRel|x64.ActiveCfg = MinSizeRel|x64
		{0E3BDAFE-F094-32AC-BDF1-C2133D71FD26}.MinSizeRel|x64.Build.0 = MinSizeRel|x64
		{0E3BDAFE-F094-32AC-BDF1-C2133D71FD26}.RelWithDebInfo|x64.ActiveCfg = RelWithDebInfo|x64
		{0E3BDAFE-F094-32AC-BDF1-C2133D71FD26}.RelWithDebInfo|x64.Build.0 = RelWithDebInfo|x64
		{EC1BB5F6-6791-39A9-90A9-37E8B7232151}.Debug|x64.ActiveCfg = Debug|x64
		{EC1BB5F6-6791-39A9-90A9-37E8B7232151}.Debug|x64.Build.0 = Debug|x64
		{EC1BB5F6-6791-39A9-90A9-37E8B7232151}.Release|x64.ActiveCfg = Release|x64
		{EC1BB5F6-6791-39A9-90A9-37E8B7232151}.Release|x64.Build.0 = Release|x64
		{EC1BB5F6-6791-39A9-90A9-37E8B7232151}.MinSizeRel|x64.ActiveCfg = MinSizeRel|x64
		{EC1BB5F6-6791-39A9-90A9-37E8B7232151}.MinSizeRel|x64.Build.0 = MinSizeRel|x64
		{EC1BB5F6-6791-39A9-90A9-37E8B7232151}.RelWithDebInfo|x64.ActiveCfg = RelWithDebInfo|x64
		{EC1BB5F6-6791-39A9-90A9-37E8B7232151}.RelWithDebInfo|x64.Build.0 = RelWithDebInfo|x64
		{BB41B947-8CC6-3312-882F-857EAD3CDA93}.Debug|x64.ActiveCfg = Debug|x64
		{BB41B947-8CC6-3312-882F-857EAD3CDA93}.Debug|x64.Build.0 = Debug|x64
		{BB41B947-8CC6-3312-882F-857EAD3CDA93}.Release|x64.ActiveCfg = Release|x64
		{BB41B947-8CC6-3312-882F-857EAD3CDA93}.Release|x64.Build.0 = Release|x64
		{BB41B947-8CC6-3312-882F-857EAD3CDA93}.MinSizeRel|x64.ActiveCfg = MinSizeRel|x64
		{BB41B947-8CC6-3312-882F-857EAD3CDA93}.MinSizeRel|x64.Build.0 = MinSizeRel|x64
		{BB41B947-8CC6-3312-882F-857EAD3CDA93}.RelWithDebInfo|x64.ActiveCfg = RelWithDebInfo|x64
		{BB41B947-8CC6-3312-882F-857EAD3CDA93}.RelWithDebInfo|x64.Build.0 = RelWithDebInfo|x64
		{E557FDC4-BD5E-3D0A-9EF8-15E9063B20CF}.Debug|x64.ActiveCfg = Debug|x64
		{E557FDC4-BD5E-3D0A-9EF8-15E9063B20CF}.Debug|x64.Build.0 = Debug|x64
		{E557FDC4-BD5E-3D0A-9EF8-15E9063B20CF}.Release|x64.ActiveCfg = Release|x64
		{E557FDC4-BD5E-3D0A-9EF8-15E9063B20CF}.Release|x64.Build.0 = Release|x64
		{E557FDC4-BD5E-3D0A-9EF8-15E9063B20CF}.MinSizeRel|x64.ActiveCfg = MinSizeRel|x64
		{E557FDC4-BD5E-3D0A-9EF8-15E9063B20CF}.MinSizeRel|x64.Build.0 = MinSizeRel|x64
		{E557FDC4-BD5E-3D0A-9EF8-15E9063B20CF}.RelWithDebInfo|x64.ActiveCfg = RelWithDebInfo|x64
		{E557FDC4-BD5E-3D0A-9EF8-15E9063B20CF}.RelWithDebInfo|x64.Build.0 = RelWithDebInfo|x64
	EndGlobalSection
	GlobalSection(ExtensibilityGlobals) = postSolution
		SolutionGuid = {A3024757-088C-3EBF-8DAE-5C2B974703A4}
	EndGlobalSection
	GlobalSection(ExtensibilityAddIns) = postSolution
	EndGlobalSection
EndGlobal
