<?xml version="1.0" encoding="utf-8"?>
<Project ToolsVersion="17.0" xmlns="http://schemas.microsoft.com/developer/msbuild/2003">
  <ItemGroup>
    <ClCompile Include="C:\Users\press\projects\llama.cpp\examples\gbnf-validator\gbnf-validator.cpp">
      <Filter>Source Files</Filter>
    </ClCompile>
  </ItemGroup>
  <ItemGroup>
    <CustomBuild Include="C:\Users\press\projects\llama.cpp\examples\gbnf-validator\CMakeLists.txt" />
  </ItemGroup>
  <ItemGroup>
    <Filter Include="Source Files">
      <UniqueIdentifier>{7CA249CA-E58B-3FB8-8AB7-4EDED43830B8}</UniqueIdentifier>
    </Filter>
  </ItemGroup>
</Project>
