
Microsoft Visual Studio Solution File, Format Version 12.00
# Visual Studio Version 17
Project("{8BC9CEB8-8B4A-11D0-8D11-00A0C91BC942}") = "ALL_BUILD", "ALL_BUILD.vcxproj", "{E0C027D1-4F37-3AAA-9D7E-C2E914BC976E}"
	ProjectSection(ProjectDependencies) = postProject
		{E17523D2-CDF1-377D-A3B3-FF774A30CDD2} = {E17523D2-CDF1-377D-A3B3-FF774A30CDD2}
		{7C102685-4A3A-378C-971D-2B6F33EA30EF} = {7C102685-4A3A-378C-971D-2B6F33EA30EF}
	EndProjectSection
EndProject
Project("{8BC9CEB8-8B4A-11D0-8D11-00A0C91BC942}") = "INSTALL", "INSTALL.vcxproj", "{FED60DCA-F031-3884-9EB0-AE634E383F73}"
	ProjectSection(ProjectDependencies) = postProject
		{E0C027D1-4F37-3AAA-9D7E-C2E914BC976E} = {E0C027D1-4F37-3AAA-9D7E-C2E914BC976E}
		{E17523D2-CDF1-377D-A3B3-FF774A30CDD2} = {E17523D2-CDF1-377D-A3B3-FF774A30CDD2}
	EndProjectSection
EndProject
Project("{8BC9CEB8-8B4A-11D0-8D11-00A0C91BC942}") = "RUN_TESTS", "RUN_TESTS.vcxproj", "{4E93AC67-77AB-3628-91C4-132BA2A12CEE}"
	ProjectSection(ProjectDependencies) = postProject
		{E17523D2-CDF1-377D-A3B3-FF774A30CDD2} = {E17523D2-CDF1-377D-A3B3-FF774A30CDD2}
	EndProjectSection
EndProject
Project("{8BC9CEB8-8B4A-11D0-8D11-00A0C91BC942}") = "ZERO_CHECK", "..\\ZERO_CHECK.vcxproj", "{E17523D2-CDF1-377D-A3B3-FF774A30CDD2}"
	ProjectSection(ProjectDependencies) = postProject
	EndProjectSection
EndProject
Project("{8BC9CEB8-8B4A-11D0-8D11-00A0C91BC942}") = "ggml", "src\ggml.vcxproj", "{7C102685-4A3A-378C-971D-2B6F33EA30EF}"
	ProjectSection(ProjectDependencies) = postProject
		{E17523D2-CDF1-377D-A3B3-FF774A30CDD2} = {E17523D2-CDF1-377D-A3B3-FF774A30CDD2}
	EndProjectSection
EndProject
Global
	GlobalSection(SolutionConfigurationPlatforms) = preSolution
		Debug|x64 = Debug|x64
		Release|x64 = Release|x64
		MinSizeRel|x64 = MinSizeRel|x64
		RelWithDebInfo|x64 = RelWithDebInfo|x64
	EndGlobalSection
	GlobalSection(ProjectConfigurationPlatforms) = postSolution
		{E0C027D1-4F37-3AAA-9D7E-C2E914BC976E}.Debug|x64.ActiveCfg = Debug|x64
		{E0C027D1-4F37-3AAA-9D7E-C2E914BC976E}.Debug|x64.Build.0 = Debug|x64
		{E0C027D1-4F37-3AAA-9D7E-C2E914BC976E}.Release|x64.ActiveCfg = Release|x64
		{E0C027D1-4F37-3AAA-9D7E-C2E914BC976E}.Release|x64.Build.0 = Release|x64
		{E0C027D1-4F37-3AAA-9D7E-C2E914BC976E}.MinSizeRel|x64.ActiveCfg = MinSizeRel|x64
		{E0C027D1-4F37-3AAA-9D7E-C2E914BC976E}.MinSizeRel|x64.Build.0 = MinSizeRel|x64
		{E0C027D1-4F37-3AAA-9D7E-C2E914BC976E}.RelWithDebInfo|x64.ActiveCfg = RelWithDebInfo|x64
		{E0C027D1-4F37-3AAA-9D7E-C2E914BC976E}.RelWithDebInfo|x64.Build.0 = RelWithDebInfo|x64
		{FED60DCA-F031-3884-9EB0-AE634E383F73}.Debug|x64.ActiveCfg = Debug|x64
		{FED60DCA-F031-3884-9EB0-AE634E383F73}.Release|x64.ActiveCfg = Release|x64
		{FED60DCA-F031-3884-9EB0-AE634E383F73}.MinSizeRel|x64.ActiveCfg = MinSizeRel|x64
		{FED60DCA-F031-3884-9EB0-AE634E383F73}.RelWithDebInfo|x64.ActiveCfg = RelWithDebInfo|x64
		{4E93AC67-77AB-3628-91C4-132BA2A12CEE}.Debug|x64.ActiveCfg = Debug|x64
		{4E93AC67-77AB-3628-91C4-132BA2A12CEE}.Release|x64.ActiveCfg = Release|x64
		{4E93AC67-77AB-3628-91C4-132BA2A12CEE}.MinSizeRel|x64.ActiveCfg = MinSizeRel|x64
		{4E93AC67-77AB-3628-91C4-132BA2A12CEE}.RelWithDebInfo|x64.ActiveCfg = RelWithDebInfo|x64
		{E17523D2-CDF1-377D-A3B3-FF774A30CDD2}.Debug|x64.ActiveCfg = Debug|x64
		{E17523D2-CDF1-377D-A3B3-FF774A30CDD2}.Debug|x64.Build.0 = Debug|x64
		{E17523D2-CDF1-377D-A3B3-FF774A30CDD2}.Release|x64.ActiveCfg = Release|x64
		{E17523D2-CDF1-377D-A3B3-FF774A30CDD2}.Release|x64.Build.0 = Release|x64
		{E17523D2-CDF1-377D-A3B3-FF774A30CDD2}.MinSizeRel|x64.ActiveCfg = MinSizeRel|x64
		{E17523D2-CDF1-377D-A3B3-FF774A30CDD2}.MinSizeRel|x64.Build.0 = MinSizeRel|x64
		{E17523D2-CDF1-377D-A3B3-FF774A30CDD2}.RelWithDebInfo|x64.ActiveCfg = RelWithDebInfo|x64
		{E17523D2-CDF1-377D-A3B3-FF774A30CDD2}.RelWithDebInfo|x64.Build.0 = RelWithDebInfo|x64
		{7C102685-4A3A-378C-971D-2B6F33EA30EF}.Debug|x64.ActiveCfg = Debug|x64
		{7C102685-4A3A-378C-971D-2B6F33EA30EF}.Debug|x64.Build.0 = Debug|x64
		{7C102685-4A3A-378C-971D-2B6F33EA30EF}.Release|x64.ActiveCfg = Release|x64
		{7C102685-4A3A-378C-971D-2B6F33EA30EF}.Release|x64.Build.0 = Release|x64
		{7C102685-4A3A-378C-971D-2B6F33EA30EF}.MinSizeRel|x64.ActiveCfg = MinSizeRel|x64
		{7C102685-4A3A-378C-971D-2B6F33EA30EF}.MinSizeRel|x64.Build.0 = MinSizeRel|x64
		{7C102685-4A3A-378C-971D-2B6F33EA30EF}.RelWithDebInfo|x64.ActiveCfg = RelWithDebInfo|x64
		{7C102685-4A3A-378C-971D-2B6F33EA30EF}.RelWithDebInfo|x64.Build.0 = RelWithDebInfo|x64
	EndGlobalSection
	GlobalSection(ExtensibilityGlobals) = postSolution
		SolutionGuid = {20119581-688D-36BA-B7E4-B57FE4008602}
	EndGlobalSection
	GlobalSection(ExtensibilityAddIns) = postSolution
	EndGlobalSection
EndGlobal
